// !$*UTF8*$!
{
	archiveVersion = 1;
	classes = {
	};
	objectVersion = 46;
	objects = {

/* Begin PBXBuildFile section */
		70DC15EAF6DCB696B4452FF9 /* libPods.a in Frameworks */ = {isa = PBXBuildFile; fileRef = 35A27C648ACAA86F79F09BDB /* libPods.a */; };
		8B30DBCF1D1BC42D0018CB1A /* main.m in Sources */ = {isa = PBXBuildFile; fileRef = 8B30DBCE1D1BC42D0018CB1A /* main.m */; };
		8B30DBD81D1BC42D0018CB1A /* Main.storyboard in Resources */ = {isa = PBXBuildFile; fileRef = 8B30DBD61D1BC42D0018CB1A /* Main.storyboard */; };
		8B30DBDA1D1BC42D0018CB1A /* Assets.xcassets in Resources */ = {isa = PBXBuildFile; fileRef = 8B30DBD91D1BC42D0018CB1A /* Assets.xcassets */; };
		8B30DBDD1D1BC42D0018CB1A /* LaunchScreen.storyboard in Resources */ = {isa = PBXBuildFile; fileRef = 8B30DBDB1D1BC42D0018CB1A /* LaunchScreen.storyboard */; };
		8B4DC3F31D2DF99F00198E2C /* XWLrcEditView.m in Sources */ = {isa = PBXBuildFile; fileRef = 8B4DC3F21D2DF99F00198E2C /* XWLrcEditView.m */; };
		8BA5752D1D250B6D00DBA26C /* XWCacheTool.m in Sources */ = {isa = PBXBuildFile; fileRef = 8BA5752C1D250B6D00DBA26C /* XWCacheTool.m */; };
		8BE067251D26635300748B21 /* XWAppInfo.m in Sources */ = {isa = PBXBuildFile; fileRef = 8BE067241D26635300748B21 /* XWAppInfo.m */; };
		8BED99451D24AB4F002B10B2 /* XWLrcController.m in Sources */ = {isa = PBXBuildFile; fileRef = 8BED98761D24AB4F002B10B2 /* XWLrcController.m */; };
		8BED99461D24AB4F002B10B2 /* XWLrcModel.m in Sources */ = {isa = PBXBuildFile; fileRef = 8BED98791D24AB4F002B10B2 /* XWLrcModel.m */; };
		8BED99471D24AB4F002B10B2 /* XWLrcTimeTool.m in Sources */ = {isa = PBXBuildFile; fileRef = 8BED987C1D24AB4F002B10B2 /* XWLrcTimeTool.m */; };
		8BED99481D24AB4F002B10B2 /* XWLrcViewModel.m in Sources */ = {isa = PBXBuildFile; fileRef = 8BED987F1D24AB4F002B10B2 /* XWLrcViewModel.m */; };
		8BED99491D24AB4F002B10B2 /* XWLrcCell.m in Sources */ = {isa = PBXBuildFile; fileRef = 8BED98821D24AB4F002B10B2 /* XWLrcCell.m */; };
		8BED994A1D24AB4F002B10B2 /* XWLrcView.m in Sources */ = {isa = PBXBuildFile; fileRef = 8BED98841D24AB4F002B10B2 /* XWLrcView.m */; };
		8BED994B1D24AB4F002B10B2 /* CALayer+XWAdd.m in Sources */ = {isa = PBXBuildFile; fileRef = 8BED98891D24AB4F002B10B2 /* CALayer+XWAdd.m */; };
		8BED994C1D24AB4F002B10B2 /* CALayer+XWAddForFrame.m in Sources */ = {isa = PBXBuildFile; fileRef = 8BED988B1D24AB4F002B10B2 /* CALayer+XWAddForFrame.m */; };
		8BED994D1D24AB4F002B10B2 /* Foundation+Log.m in Sources */ = {isa = PBXBuildFile; fileRef = 8BED988C1D24AB4F002B10B2 /* Foundation+Log.m */; };
		8BED994E1D24AB4F002B10B2 /* NSArray+XWAdd.m in Sources */ = {isa = PBXBuildFile; fileRef = 8BED988E1D24AB4F002B10B2 /* NSArray+XWAdd.m */; };
		8BED994F1D24AB4F002B10B2 /* NSData+XWAdd.m in Sources */ = {isa = PBXBuildFile; fileRef = 8BED98901D24AB4F002B10B2 /* NSData+XWAdd.m */; };
		8BED99501D24AB4F002B10B2 /* NSDate+XWAdd.m in Sources */ = {isa = PBXBuildFile; fileRef = 8BED98921D24AB4F002B10B2 /* NSDate+XWAdd.m */; };
		8BED99511D24AB4F002B10B2 /* NSDictionary+XWAdd.m in Sources */ = {isa = PBXBuildFile; fileRef = 8BED98941D24AB4F002B10B2 /* NSDictionary+XWAdd.m */; };
		8BED99521D24AB4F002B10B2 /* NSMutableArray+XWAdd.m in Sources */ = {isa = PBXBuildFile; fileRef = 8BED98961D24AB4F002B10B2 /* NSMutableArray+XWAdd.m */; };
		8BED99531D24AB4F002B10B2 /* NSMutableDictionary+XWAdd.m in Sources */ = {isa = PBXBuildFile; fileRef = 8BED98981D24AB4F002B10B2 /* NSMutableDictionary+XWAdd.m */; };
		8BED99541D24AB4F002B10B2 /* NSNotificationCenter+XWAdd.m in Sources */ = {isa = PBXBuildFile; fileRef = 8BED989A1D24AB4F002B10B2 /* NSNotificationCenter+XWAdd.m */; };
		8BED99551D24AB4F002B10B2 /* NSNumber+XWAdd.m in Sources */ = {isa = PBXBuildFile; fileRef = 8BED989C1D24AB4F002B10B2 /* NSNumber+XWAdd.m */; };
		8BED99561D24AB4F002B10B2 /* NSObject+XWAdd.m in Sources */ = {isa = PBXBuildFile; fileRef = 8BED989E1D24AB4F002B10B2 /* NSObject+XWAdd.m */; };
		8BED99571D24AB4F002B10B2 /* NSString+XWAdd.m in Sources */ = {isa = PBXBuildFile; fileRef = 8BED98A01D24AB4F002B10B2 /* NSString+XWAdd.m */; };
		8BED99581D24AB4F002B10B2 /* NSTimer+XWAdd.m in Sources */ = {isa = PBXBuildFile; fileRef = 8BED98A21D24AB4F002B10B2 /* NSTimer+XWAdd.m */; };
		8BED99591D24AB4F002B10B2 /* UIActivityIndicatorView+XWAdd.m in Sources */ = {isa = PBXBuildFile; fileRef = 8BED98A41D24AB4F002B10B2 /* UIActivityIndicatorView+XWAdd.m */; };
		8BED995A1D24AB4F002B10B2 /* UIAlertView+XWAdd.m in Sources */ = {isa = PBXBuildFile; fileRef = 8BED98A61D24AB4F002B10B2 /* UIAlertView+XWAdd.m */; };
		8BED995B1D24AB4F002B10B2 /* UIApplication+XWAdd.m in Sources */ = {isa = PBXBuildFile; fileRef = 8BED98A81D24AB4F002B10B2 /* UIApplication+XWAdd.m */; };
		8BED995C1D24AB4F002B10B2 /* UIBarButtonItem+XWAdd.m in Sources */ = {isa = PBXBuildFile; fileRef = 8BED98AA1D24AB4F002B10B2 /* UIBarButtonItem+XWAdd.m */; };
		8BED995D1D24AB4F002B10B2 /* UIBezierPath+XWAdd.m in Sources */ = {isa = PBXBuildFile; fileRef = 8BED98AC1D24AB4F002B10B2 /* UIBezierPath+XWAdd.m */; };
		8BED995E1D24AB4F002B10B2 /* UICollectionViewFlowLayout+XWAdd.m in Sources */ = {isa = PBXBuildFile; fileRef = 8BED98AE1D24AB4F002B10B2 /* UICollectionViewFlowLayout+XWAdd.m */; };
		8BED995F1D24AB4F002B10B2 /* UIColor+XWAdd.m in Sources */ = {isa = PBXBuildFile; fileRef = 8BED98B01D24AB4F002B10B2 /* UIColor+XWAdd.m */; };
		8BED99601D24AB4F002B10B2 /* UIControl+XWAdd.m in Sources */ = {isa = PBXBuildFile; fileRef = 8BED98B21D24AB4F002B10B2 /* UIControl+XWAdd.m */; };
		8BED99611D24AB4F002B10B2 /* UIDevice+XWAdd.m in Sources */ = {isa = PBXBuildFile; fileRef = 8BED98B41D24AB4F002B10B2 /* UIDevice+XWAdd.m */; };
		8BED99621D24AB4F002B10B2 /* UIFont+XWAdd.m in Sources */ = {isa = PBXBuildFile; fileRef = 8BED98B61D24AB4F002B10B2 /* UIFont+XWAdd.m */; };
		8BED99631D24AB4F002B10B2 /* UIImage+XWAdd.m in Sources */ = {isa = PBXBuildFile; fileRef = 8BED98B81D24AB4F002B10B2 /* UIImage+XWAdd.m */; };
		8BED99641D24AB4F002B10B2 /* UIImageView+XWAdd.m in Sources */ = {isa = PBXBuildFile; fileRef = 8BED98BA1D24AB4F002B10B2 /* UIImageView+XWAdd.m */; };
		8BED99651D24AB4F002B10B2 /* UILabel+XWAdd.m in Sources */ = {isa = PBXBuildFile; fileRef = 8BED98BC1D24AB4F002B10B2 /* UILabel+XWAdd.m */; };
		8BED99661D24AB4F002B10B2 /* UILabel+XWAddForFrame.m in Sources */ = {isa = PBXBuildFile; fileRef = 8BED98BE1D24AB4F002B10B2 /* UILabel+XWAddForFrame.m */; };
		8BED99671D24AB4F002B10B2 /* UINavigationController+XWAdd.m in Sources */ = {isa = PBXBuildFile; fileRef = 8BED98C01D24AB4F002B10B2 /* UINavigationController+XWAdd.m */; };
		8BED99681D24AB4F002B10B2 /* UIScreen+XWAdd.m in Sources */ = {isa = PBXBuildFile; fileRef = 8BED98C21D24AB4F002B10B2 /* UIScreen+XWAdd.m */; };
		8BED99691D24AB4F002B10B2 /* UIScrollView+XWAdd.m in Sources */ = {isa = PBXBuildFile; fileRef = 8BED98C41D24AB4F002B10B2 /* UIScrollView+XWAdd.m */; };
		8BED996A1D24AB4F002B10B2 /* UITableView+XWAdd.m in Sources */ = {isa = PBXBuildFile; fileRef = 8BED98C61D24AB4F002B10B2 /* UITableView+XWAdd.m */; };
		8BED996B1D24AB4F002B10B2 /* UITextField+XWAdd.m in Sources */ = {isa = PBXBuildFile; fileRef = 8BED98C81D24AB4F002B10B2 /* UITextField+XWAdd.m */; };
		8BED996C1D24AB4F002B10B2 /* UIView+XWAdd.m in Sources */ = {isa = PBXBuildFile; fileRef = 8BED98CA1D24AB4F002B10B2 /* UIView+XWAdd.m */; };
		8BED996D1D24AB4F002B10B2 /* UIView+XWAddForFrame.m in Sources */ = {isa = PBXBuildFile; fileRef = 8BED98CC1D24AB4F002B10B2 /* UIView+XWAddForFrame.m */; };
		8BED996E1D24AB4F002B10B2 /* XWCGUtilities.m in Sources */ = {isa = PBXBuildFile; fileRef = 8BED98D01D24AB4F002B10B2 /* XWCGUtilities.m */; };
		8BED996F1D24AB4F002B10B2 /* YYLabel+XWAddForFrame.m in Sources */ = {isa = PBXBuildFile; fileRef = 8BED98D31D24AB4F002B10B2 /* YYLabel+XWAddForFrame.m */; };
		8BED99701D24AB4F002B10B2 /* XWNavigationController.m in Sources */ = {isa = PBXBuildFile; fileRef = 8BED98D61D24AB4F002B10B2 /* XWNavigationController.m */; };
		8BED99711D24AB4F002B10B2 /* UINavigationController+XWTransition.m in Sources */ = {isa = PBXBuildFile; fileRef = 8BED98DB1D24AB4F002B10B2 /* UINavigationController+XWTransition.m */; };
		8BED99721D24AB4F002B10B2 /* UIViewController+XWTransition.m in Sources */ = {isa = PBXBuildFile; fileRef = 8BED98DD1D24AB4F002B10B2 /* UIViewController+XWTransition.m */; };
		8BED99731D24AB4F002B10B2 /* XWInteractiveTransition.m in Sources */ = {isa = PBXBuildFile; fileRef = 8BED98E01D24AB4F002B10B2 /* XWInteractiveTransition.m */; };
		8BED99741D24AB4F002B10B2 /* XWTransitionAnimator.m in Sources */ = {isa = PBXBuildFile; fileRef = 8BED98E21D24AB4F002B10B2 /* XWTransitionAnimator.m */; };
		8BED99751D24AB4F002B10B2 /* line.png in Resources */ = {isa = PBXBuildFile; fileRef = 8BED98E41D24AB4F002B10B2 /* line.png */; };
		8BED99761D24AB4F002B10B2 /* mask.jpg in Resources */ = {isa = PBXBuildFile; fileRef = 8BED98E51D24AB4F002B10B2 /* mask.jpg */; };
		8BED99771D24AB4F002B10B2 /* restrictedshine.tiff in Resources */ = {isa = PBXBuildFile; fileRef = 8BED98E61D24AB4F002B10B2 /* restrictedshine.tiff */; };
		8BED99781D24AB4F002B10B2 /* XWCircleSpreadAnimator.m in Sources */ = {isa = PBXBuildFile; fileRef = 8BED98E91D24AB4F002B10B2 /* XWCircleSpreadAnimator.m */; };
		8BED99791D24AB4F002B10B2 /* XWCoolAnimator+XWExplode.m in Sources */ = {isa = PBXBuildFile; fileRef = 8BED98EC1D24AB4F002B10B2 /* XWCoolAnimator+XWExplode.m */; };
		8BED997A1D24AB4F002B10B2 /* XWCoolAnimator+XWFold.m in Sources */ = {isa = PBXBuildFile; fileRef = 8BED98EE1D24AB4F002B10B2 /* XWCoolAnimator+XWFold.m */; };
		8BED997B1D24AB4F002B10B2 /* XWCoolAnimator+XWLines.m in Sources */ = {isa = PBXBuildFile; fileRef = 8BED98F01D24AB4F002B10B2 /* XWCoolAnimator+XWLines.m */; };
		8BED997C1D24AB4F002B10B2 /* XWCoolAnimator+XWMiddlePageFlip.m in Sources */ = {isa = PBXBuildFile; fileRef = 8BED98F21D24AB4F002B10B2 /* XWCoolAnimator+XWMiddlePageFlip.m */; };
		8BED997D1D24AB4F002B10B2 /* XWCoolAnimator+XWPageFlip.m in Sources */ = {isa = PBXBuildFile; fileRef = 8BED98F41D24AB4F002B10B2 /* XWCoolAnimator+XWPageFlip.m */; };
		8BED997E1D24AB4F002B10B2 /* XWCoolAnimator+XWPortal.m in Sources */ = {isa = PBXBuildFile; fileRef = 8BED98F61D24AB4F002B10B2 /* XWCoolAnimator+XWPortal.m */; };
		8BED997F1D24AB4F002B10B2 /* XWCoolAnimator+XWScanning.m in Sources */ = {isa = PBXBuildFile; fileRef = 8BED98F81D24AB4F002B10B2 /* XWCoolAnimator+XWScanning.m */; };
		8BED99801D24AB4F002B10B2 /* XWCoolAnimator.m in Sources */ = {isa = PBXBuildFile; fileRef = 8BED98FA1D24AB4F002B10B2 /* XWCoolAnimator.m */; };
		8BED99811D24AB4F002B10B2 /* XWDrawerAnimator.m in Sources */ = {isa = PBXBuildFile; fileRef = 8BED98FD1D24AB4F002B10B2 /* XWDrawerAnimator.m */; };
		8BED99821D24AB4F002B10B2 /* XWFilterAnimator+XWBarSwipe.m in Sources */ = {isa = PBXBuildFile; fileRef = 8BED99001D24AB4F002B10B2 /* XWFilterAnimator+XWBarSwipe.m */; };
		8BED99831D24AB4F002B10B2 /* XWFilterAnimator+XWBoxBlur.m in Sources */ = {isa = PBXBuildFile; fileRef = 8BED99021D24AB4F002B10B2 /* XWFilterAnimator+XWBoxBlur.m */; };
		8BED99841D24AB4F002B10B2 /* XWFilterAnimator+XWCopyMachine.m in Sources */ = {isa = PBXBuildFile; fileRef = 8BED99041D24AB4F002B10B2 /* XWFilterAnimator+XWCopyMachine.m */; };
		8BED99851D24AB4F002B10B2 /* XWFilterAnimator+XWFlash.m in Sources */ = {isa = PBXBuildFile; fileRef = 8BED99061D24AB4F002B10B2 /* XWFilterAnimator+XWFlash.m */; };
		8BED99861D24AB4F002B10B2 /* XWFilterAnimator+XWMask.m in Sources */ = {isa = PBXBuildFile; fileRef = 8BED99081D24AB4F002B10B2 /* XWFilterAnimator+XWMask.m */; };
		8BED99871D24AB4F002B10B2 /* XWFilterAnimator+XWMod.m in Sources */ = {isa = PBXBuildFile; fileRef = 8BED990A1D24AB4F002B10B2 /* XWFilterAnimator+XWMod.m */; };
		8BED99881D24AB4F002B10B2 /* XWFilterAnimator+XWPageCurl.m in Sources */ = {isa = PBXBuildFile; fileRef = 8BED990C1D24AB4F002B10B2 /* XWFilterAnimator+XWPageCurl.m */; };
		8BED99891D24AB4F002B10B2 /* XWFilterAnimator+XWRipple.m in Sources */ = {isa = PBXBuildFile; fileRef = 8BED990E1D24AB4F002B10B2 /* XWFilterAnimator+XWRipple.m */; };
		8BED998A1D24AB4F002B10B2 /* XWFilterAnimator+XWSwipe.m in Sources */ = {isa = PBXBuildFile; fileRef = 8BED99101D24AB4F002B10B2 /* XWFilterAnimator+XWSwipe.m */; };
		8BED998B1D24AB4F002B10B2 /* XWFilterAnimator.m in Sources */ = {isa = PBXBuildFile; fileRef = 8BED99121D24AB4F002B10B2 /* XWFilterAnimator.m */; };
		8BED998C1D24AB4F002B10B2 /* XWFilterTransitionView.m in Sources */ = {isa = PBXBuildFile; fileRef = 8BED99141D24AB4F002B10B2 /* XWFilterTransitionView.m */; };
		8BED998D1D24AB4F002B10B2 /* XWMagicMoveAnimator.m in Sources */ = {isa = PBXBuildFile; fileRef = 8BED99171D24AB4F002B10B2 /* XWMagicMoveAnimator.m */; };
		8BED998E1D24AB4F002B10B2 /* XWConstantDefine.m in Sources */ = {isa = PBXBuildFile; fileRef = 8BED991B1D24AB4F002B10B2 /* XWConstantDefine.m */; };
		8BED998F1D24AB4F002B10B2 /* XWNetTool.m in Sources */ = {isa = PBXBuildFile; fileRef = 8BED991F1D24AB4F002B10B2 /* XWNetTool.m */; };
		8BED99901D24AB4F002B10B2 /* XWBaseViewModel.m in Sources */ = {isa = PBXBuildFile; fileRef = 8BED99221D24AB4F002B10B2 /* XWBaseViewModel.m */; };
		8BED99911D24AB4F002B10B2 /* XWSimpleTipView.m in Sources */ = {isa = PBXBuildFile; fileRef = 8BED99251D24AB4F002B10B2 /* XWSimpleTipView.m */; };
		8BED99921D24AB4F002B10B2 /* XWSearchController.m in Sources */ = {isa = PBXBuildFile; fileRef = 8BED99291D24AB4F002B10B2 /* XWSearchController.m */; };
		8BED99931D24AB4F002B10B2 /* XWSearchNetTool.m in Sources */ = {isa = PBXBuildFile; fileRef = 8BED992F1D24AB4F002B10B2 /* XWSearchNetTool.m */; };
		8BED99941D24AB4F002B10B2 /* XWSearchViewModel.m in Sources */ = {isa = PBXBuildFile; fileRef = 8BED99321D24AB4F002B10B2 /* XWSearchViewModel.m */; };
		8BED99951D24AB4F002B10B2 /* XWSearchView.m in Sources */ = {isa = PBXBuildFile; fileRef = 8BED99351D24AB4F002B10B2 /* XWSearchView.m */; };
		8BED99971D24AB4F002B10B2 /* XWSearchResultController.m in Sources */ = {isa = PBXBuildFile; fileRef = 8BED99391D24AB4F002B10B2 /* XWSearchResultController.m */; };
		8BED99981D24AB4F002B10B2 /* XWSearchResultModel.m in Sources */ = {isa = PBXBuildFile; fileRef = 8BED993C1D24AB4F002B10B2 /* XWSearchResultModel.m */; };
		8BED99991D24AB4F002B10B2 /* XWSearchReslutViewModel.m in Sources */ = {isa = PBXBuildFile; fileRef = 8BED993F1D24AB4F002B10B2 /* XWSearchReslutViewModel.m */; };
		8BED999A1D24AB4F002B10B2 /* XWSearchResultCell.m in Sources */ = {isa = PBXBuildFile; fileRef = 8BED99421D24AB4F002B10B2 /* XWSearchResultCell.m */; };
		8BED999B1D24AB4F002B10B2 /* XWSearchResultView.m in Sources */ = {isa = PBXBuildFile; fileRef = 8BED99441D24AB4F002B10B2 /* XWSearchResultView.m */; };
		8BED999E1D24ABFF002B10B2 /* XWAppDelegate.m in Sources */ = {isa = PBXBuildFile; fileRef = 8BED999C1D24ABFF002B10B2 /* XWAppDelegate.m */; };
/* End PBXBuildFile section */

/* Begin PBXFileReference section */
		35A27C648ACAA86F79F09BDB /* libPods.a */ = {isa = PBXFileReference; explicitFileType = archive.ar; includeInIndex = 0; path = libPods.a; sourceTree = BUILT_PRODUCTS_DIR; };
		8B30DBCA1D1BC42D0018CB1A /* TryLrc.app */ = {isa = PBXFileReference; explicitFileType = wrapper.application; includeInIndex = 0; path = TryLrc.app; sourceTree = BUILT_PRODUCTS_DIR; };
		8B30DBCE1D1BC42D0018CB1A /* main.m */ = {isa = PBXFileReference; lastKnownFileType = sourcecode.c.objc; path = main.m; sourceTree = "<group>"; };
		8B30DBD71D1BC42D0018CB1A /* Base */ = {isa = PBXFileReference; lastKnownFileType = file.storyboard; name = Base; path = Base.lproj/Main.storyboard; sourceTree = "<group>"; };
		8B30DBD91D1BC42D0018CB1A /* Assets.xcassets */ = {isa = PBXFileReference; lastKnownFileType = folder.assetcatalog; path = Assets.xcassets; sourceTree = "<group>"; };
		8B30DBDC1D1BC42D0018CB1A /* Base */ = {isa = PBXFileReference; lastKnownFileType = file.storyboard; name = Base; path = Base.lproj/LaunchScreen.storyboard; sourceTree = "<group>"; };
		8B30DBDE1D1BC42D0018CB1A /* Info.plist */ = {isa = PBXFileReference; lastKnownFileType = text.plist.xml; path = Info.plist; sourceTree = "<group>"; };
		8B4DC3F11D2DF99F00198E2C /* XWLrcEditView.h */ = {isa = PBXFileReference; fileEncoding = 4; lastKnownFileType = sourcecode.c.h; path = XWLrcEditView.h; sourceTree = "<group>"; };
		8B4DC3F21D2DF99F00198E2C /* XWLrcEditView.m */ = {isa = PBXFileReference; fileEncoding = 4; lastKnownFileType = sourcecode.c.objc; path = XWLrcEditView.m; sourceTree = "<group>"; };
		8BA5752B1D250B6D00DBA26C /* XWCacheTool.h */ = {isa = PBXFileReference; fileEncoding = 4; lastKnownFileType = sourcecode.c.h; path = XWCacheTool.h; sourceTree = "<group>"; };
		8BA5752C1D250B6D00DBA26C /* XWCacheTool.m */ = {isa = PBXFileReference; fileEncoding = 4; lastKnownFileType = sourcecode.c.objc; path = XWCacheTool.m; sourceTree = "<group>"; };
		8BE067231D26635300748B21 /* XWAppInfo.h */ = {isa = PBXFileReference; fileEncoding = 4; lastKnownFileType = sourcecode.c.h; path = XWAppInfo.h; sourceTree = "<group>"; };
		8BE067241D26635300748B21 /* XWAppInfo.m */ = {isa = PBXFileReference; fileEncoding = 4; lastKnownFileType = sourcecode.c.objc; path = XWAppInfo.m; sourceTree = "<group>"; };
		8BED98751D24AB4F002B10B2 /* XWLrcController.h */ = {isa = PBXFileReference; fileEncoding = 4; lastKnownFileType = sourcecode.c.h; path = XWLrcController.h; sourceTree = "<group>"; };
		8BED98761D24AB4F002B10B2 /* XWLrcController.m */ = {isa = PBXFileReference; fileEncoding = 4; lastKnownFileType = sourcecode.c.objc; path = XWLrcController.m; sourceTree = "<group>"; };
		8BED98781D24AB4F002B10B2 /* XWLrcModel.h */ = {isa = PBXFileReference; fileEncoding = 4; lastKnownFileType = sourcecode.c.h; path = XWLrcModel.h; sourceTree = "<group>"; };
		8BED98791D24AB4F002B10B2 /* XWLrcModel.m */ = {isa = PBXFileReference; fileEncoding = 4; lastKnownFileType = sourcecode.c.objc; path = XWLrcModel.m; sourceTree = "<group>"; };
		8BED987B1D24AB4F002B10B2 /* XWLrcTimeTool.h */ = {isa = PBXFileReference; fileEncoding = 4; lastKnownFileType = sourcecode.c.h; path = XWLrcTimeTool.h; sourceTree = "<group>"; };
		8BED987C1D24AB4F002B10B2 /* XWLrcTimeTool.m */ = {isa = PBXFileReference; fileEncoding = 4; lastKnownFileType = sourcecode.c.objc; path = XWLrcTimeTool.m; sourceTree = "<group>"; };
		8BED987E1D24AB4F002B10B2 /* XWLrcViewModel.h */ = {isa = PBXFileReference; fileEncoding = 4; lastKnownFileType = sourcecode.c.h; path = XWLrcViewModel.h; sourceTree = "<group>"; };
		8BED987F1D24AB4F002B10B2 /* XWLrcViewModel.m */ = {isa = PBXFileReference; fileEncoding = 4; lastKnownFileType = sourcecode.c.objc; path = XWLrcViewModel.m; sourceTree = "<group>"; };
		8BED98811D24AB4F002B10B2 /* XWLrcCell.h */ = {isa = PBXFileReference; fileEncoding = 4; lastKnownFileType = sourcecode.c.h; path = XWLrcCell.h; sourceTree = "<group>"; };
		8BED98821D24AB4F002B10B2 /* XWLrcCell.m */ = {isa = PBXFileReference; fileEncoding = 4; lastKnownFileType = sourcecode.c.objc; path = XWLrcCell.m; sourceTree = "<group>"; };
		8BED98831D24AB4F002B10B2 /* XWLrcView.h */ = {isa = PBXFileReference; fileEncoding = 4; lastKnownFileType = sourcecode.c.h; path = XWLrcView.h; sourceTree = "<group>"; };
		8BED98841D24AB4F002B10B2 /* XWLrcView.m */ = {isa = PBXFileReference; fileEncoding = 4; lastKnownFileType = sourcecode.c.objc; path = XWLrcView.m; sourceTree = "<group>"; };
		8BED98881D24AB4F002B10B2 /* CALayer+XWAdd.h */ = {isa = PBXFileReference; fileEncoding = 4; lastKnownFileType = sourcecode.c.h; path = "CALayer+XWAdd.h"; sourceTree = "<group>"; };
		8BED98891D24AB4F002B10B2 /* CALayer+XWAdd.m */ = {isa = PBXFileReference; fileEncoding = 4; lastKnownFileType = sourcecode.c.objc; path = "CALayer+XWAdd.m"; sourceTree = "<group>"; };
		8BED988A1D24AB4F002B10B2 /* CALayer+XWAddForFrame.h */ = {isa = PBXFileReference; fileEncoding = 4; lastKnownFileType = sourcecode.c.h; path = "CALayer+XWAddForFrame.h"; sourceTree = "<group>"; };
		8BED988B1D24AB4F002B10B2 /* CALayer+XWAddForFrame.m */ = {isa = PBXFileReference; fileEncoding = 4; lastKnownFileType = sourcecode.c.objc; path = "CALayer+XWAddForFrame.m"; sourceTree = "<group>"; };
		8BED988C1D24AB4F002B10B2 /* Foundation+Log.m */ = {isa = PBXFileReference; fileEncoding = 4; lastKnownFileType = sourcecode.c.objc; path = "Foundation+Log.m"; sourceTree = "<group>"; };
		8BED988D1D24AB4F002B10B2 /* NSArray+XWAdd.h */ = {isa = PBXFileReference; fileEncoding = 4; lastKnownFileType = sourcecode.c.h; path = "NSArray+XWAdd.h"; sourceTree = "<group>"; };
		8BED988E1D24AB4F002B10B2 /* NSArray+XWAdd.m */ = {isa = PBXFileReference; fileEncoding = 4; lastKnownFileType = sourcecode.c.objc; path = "NSArray+XWAdd.m"; sourceTree = "<group>"; };
		8BED988F1D24AB4F002B10B2 /* NSData+XWAdd.h */ = {isa = PBXFileReference; fileEncoding = 4; lastKnownFileType = sourcecode.c.h; path = "NSData+XWAdd.h"; sourceTree = "<group>"; };
		8BED98901D24AB4F002B10B2 /* NSData+XWAdd.m */ = {isa = PBXFileReference; fileEncoding = 4; lastKnownFileType = sourcecode.c.objc; path = "NSData+XWAdd.m"; sourceTree = "<group>"; };
		8BED98911D24AB4F002B10B2 /* NSDate+XWAdd.h */ = {isa = PBXFileReference; fileEncoding = 4; lastKnownFileType = sourcecode.c.h; path = "NSDate+XWAdd.h"; sourceTree = "<group>"; };
		8BED98921D24AB4F002B10B2 /* NSDate+XWAdd.m */ = {isa = PBXFileReference; fileEncoding = 4; lastKnownFileType = sourcecode.c.objc; path = "NSDate+XWAdd.m"; sourceTree = "<group>"; };
		8BED98931D24AB4F002B10B2 /* NSDictionary+XWAdd.h */ = {isa = PBXFileReference; fileEncoding = 4; lastKnownFileType = sourcecode.c.h; path = "NSDictionary+XWAdd.h"; sourceTree = "<group>"; };
		8BED98941D24AB4F002B10B2 /* NSDictionary+XWAdd.m */ = {isa = PBXFileReference; fileEncoding = 4; lastKnownFileType = sourcecode.c.objc; path = "NSDictionary+XWAdd.m"; sourceTree = "<group>"; };
		8BED98951D24AB4F002B10B2 /* NSMutableArray+XWAdd.h */ = {isa = PBXFileReference; fileEncoding = 4; lastKnownFileType = sourcecode.c.h; path = "NSMutableArray+XWAdd.h"; sourceTree = "<group>"; };
		8BED98961D24AB4F002B10B2 /* NSMutableArray+XWAdd.m */ = {isa = PBXFileReference; fileEncoding = 4; lastKnownFileType = sourcecode.c.objc; path = "NSMutableArray+XWAdd.m"; sourceTree = "<group>"; };
		8BED98971D24AB4F002B10B2 /* NSMutableDictionary+XWAdd.h */ = {isa = PBXFileReference; fileEncoding = 4; lastKnownFileType = sourcecode.c.h; path = "NSMutableDictionary+XWAdd.h"; sourceTree = "<group>"; };
		8BED98981D24AB4F002B10B2 /* NSMutableDictionary+XWAdd.m */ = {isa = PBXFileReference; fileEncoding = 4; lastKnownFileType = sourcecode.c.objc; path = "NSMutableDictionary+XWAdd.m"; sourceTree = "<group>"; };
		8BED98991D24AB4F002B10B2 /* NSNotificationCenter+XWAdd.h */ = {isa = PBXFileReference; fileEncoding = 4; lastKnownFileType = sourcecode.c.h; path = "NSNotificationCenter+XWAdd.h"; sourceTree = "<group>"; };
		8BED989A1D24AB4F002B10B2 /* NSNotificationCenter+XWAdd.m */ = {isa = PBXFileReference; fileEncoding = 4; lastKnownFileType = sourcecode.c.objc; path = "NSNotificationCenter+XWAdd.m"; sourceTree = "<group>"; };
		8BED989B1D24AB4F002B10B2 /* NSNumber+XWAdd.h */ = {isa = PBXFileReference; fileEncoding = 4; lastKnownFileType = sourcecode.c.h; path = "NSNumber+XWAdd.h"; sourceTree = "<group>"; };
		8BED989C1D24AB4F002B10B2 /* NSNumber+XWAdd.m */ = {isa = PBXFileReference; fileEncoding = 4; lastKnownFileType = sourcecode.c.objc; path = "NSNumber+XWAdd.m"; sourceTree = "<group>"; };
		8BED989D1D24AB4F002B10B2 /* NSObject+XWAdd.h */ = {isa = PBXFileReference; fileEncoding = 4; lastKnownFileType = sourcecode.c.h; path = "NSObject+XWAdd.h"; sourceTree = "<group>"; };
		8BED989E1D24AB4F002B10B2 /* NSObject+XWAdd.m */ = {isa = PBXFileReference; fileEncoding = 4; lastKnownFileType = sourcecode.c.objc; path = "NSObject+XWAdd.m"; sourceTree = "<group>"; };
		8BED989F1D24AB4F002B10B2 /* NSString+XWAdd.h */ = {isa = PBXFileReference; fileEncoding = 4; lastKnownFileType = sourcecode.c.h; path = "NSString+XWAdd.h"; sourceTree = "<group>"; };
		8BED98A01D24AB4F002B10B2 /* NSString+XWAdd.m */ = {isa = PBXFileReference; fileEncoding = 4; lastKnownFileType = sourcecode.c.objc; path = "NSString+XWAdd.m"; sourceTree = "<group>"; };
		8BED98A11D24AB4F002B10B2 /* NSTimer+XWAdd.h */ = {isa = PBXFileReference; fileEncoding = 4; lastKnownFileType = sourcecode.c.h; path = "NSTimer+XWAdd.h"; sourceTree = "<group>"; };
		8BED98A21D24AB4F002B10B2 /* NSTimer+XWAdd.m */ = {isa = PBXFileReference; fileEncoding = 4; lastKnownFileType = sourcecode.c.objc; path = "NSTimer+XWAdd.m"; sourceTree = "<group>"; };
		8BED98A31D24AB4F002B10B2 /* UIActivityIndicatorView+XWAdd.h */ = {isa = PBXFileReference; fileEncoding = 4; lastKnownFileType = sourcecode.c.h; path = "UIActivityIndicatorView+XWAdd.h"; sourceTree = "<group>"; };
		8BED98A41D24AB4F002B10B2 /* UIActivityIndicatorView+XWAdd.m */ = {isa = PBXFileReference; fileEncoding = 4; lastKnownFileType = sourcecode.c.objc; path = "UIActivityIndicatorView+XWAdd.m"; sourceTree = "<group>"; };
		8BED98A51D24AB4F002B10B2 /* UIAlertView+XWAdd.h */ = {isa = PBXFileReference; fileEncoding = 4; lastKnownFileType = sourcecode.c.h; path = "UIAlertView+XWAdd.h"; sourceTree = "<group>"; };
		8BED98A61D24AB4F002B10B2 /* UIAlertView+XWAdd.m */ = {isa = PBXFileReference; fileEncoding = 4; lastKnownFileType = sourcecode.c.objc; path = "UIAlertView+XWAdd.m"; sourceTree = "<group>"; };
		8BED98A71D24AB4F002B10B2 /* UIApplication+XWAdd.h */ = {isa = PBXFileReference; fileEncoding = 4; lastKnownFileType = sourcecode.c.h; path = "UIApplication+XWAdd.h"; sourceTree = "<group>"; };
		8BED98A81D24AB4F002B10B2 /* UIApplication+XWAdd.m */ = {isa = PBXFileReference; fileEncoding = 4; lastKnownFileType = sourcecode.c.objc; path = "UIApplication+XWAdd.m"; sourceTree = "<group>"; };
		8BED98A91D24AB4F002B10B2 /* UIBarButtonItem+XWAdd.h */ = {isa = PBXFileReference; fileEncoding = 4; lastKnownFileType = sourcecode.c.h; path = "UIBarButtonItem+XWAdd.h"; sourceTree = "<group>"; };
		8BED98AA1D24AB4F002B10B2 /* UIBarButtonItem+XWAdd.m */ = {isa = PBXFileReference; fileEncoding = 4; lastKnownFileType = sourcecode.c.objc; path = "UIBarButtonItem+XWAdd.m"; sourceTree = "<group>"; };
		8BED98AB1D24AB4F002B10B2 /* UIBezierPath+XWAdd.h */ = {isa = PBXFileReference; fileEncoding = 4; lastKnownFileType = sourcecode.c.h; path = "UIBezierPath+XWAdd.h"; sourceTree = "<group>"; };
		8BED98AC1D24AB4F002B10B2 /* UIBezierPath+XWAdd.m */ = {isa = PBXFileReference; fileEncoding = 4; lastKnownFileType = sourcecode.c.objc; path = "UIBezierPath+XWAdd.m"; sourceTree = "<group>"; };
		8BED98AD1D24AB4F002B10B2 /* UICollectionViewFlowLayout+XWAdd.h */ = {isa = PBXFileReference; fileEncoding = 4; lastKnownFileType = sourcecode.c.h; path = "UICollectionViewFlowLayout+XWAdd.h"; sourceTree = "<group>"; };
		8BED98AE1D24AB4F002B10B2 /* UICollectionViewFlowLayout+XWAdd.m */ = {isa = PBXFileReference; fileEncoding = 4; lastKnownFileType = sourcecode.c.objc; path = "UICollectionViewFlowLayout+XWAdd.m"; sourceTree = "<group>"; };
		8BED98AF1D24AB4F002B10B2 /* UIColor+XWAdd.h */ = {isa = PBXFileReference; fileEncoding = 4; lastKnownFileType = sourcecode.c.h; path = "UIColor+XWAdd.h"; sourceTree = "<group>"; };
		8BED98B01D24AB4F002B10B2 /* UIColor+XWAdd.m */ = {isa = PBXFileReference; fileEncoding = 4; lastKnownFileType = sourcecode.c.objc; path = "UIColor+XWAdd.m"; sourceTree = "<group>"; };
		8BED98B11D24AB4F002B10B2 /* UIControl+XWAdd.h */ = {isa = PBXFileReference; fileEncoding = 4; lastKnownFileType = sourcecode.c.h; path = "UIControl+XWAdd.h"; sourceTree = "<group>"; };
		8BED98B21D24AB4F002B10B2 /* UIControl+XWAdd.m */ = {isa = PBXFileReference; fileEncoding = 4; lastKnownFileType = sourcecode.c.objc; path = "UIControl+XWAdd.m"; sourceTree = "<group>"; };
		8BED98B31D24AB4F002B10B2 /* UIDevice+XWAdd.h */ = {isa = PBXFileReference; fileEncoding = 4; lastKnownFileType = sourcecode.c.h; path = "UIDevice+XWAdd.h"; sourceTree = "<group>"; };
		8BED98B41D24AB4F002B10B2 /* UIDevice+XWAdd.m */ = {isa = PBXFileReference; fileEncoding = 4; lastKnownFileType = sourcecode.c.objc; path = "UIDevice+XWAdd.m"; sourceTree = "<group>"; };
		8BED98B51D24AB4F002B10B2 /* UIFont+XWAdd.h */ = {isa = PBXFileReference; fileEncoding = 4; lastKnownFileType = sourcecode.c.h; path = "UIFont+XWAdd.h"; sourceTree = "<group>"; };
		8BED98B61D24AB4F002B10B2 /* UIFont+XWAdd.m */ = {isa = PBXFileReference; fileEncoding = 4; lastKnownFileType = sourcecode.c.objc; path = "UIFont+XWAdd.m"; sourceTree = "<group>"; };
		8BED98B71D24AB4F002B10B2 /* UIImage+XWAdd.h */ = {isa = PBXFileReference; fileEncoding = 4; lastKnownFileType = sourcecode.c.h; path = "UIImage+XWAdd.h"; sourceTree = "<group>"; };
		8BED98B81D24AB4F002B10B2 /* UIImage+XWAdd.m */ = {isa = PBXFileReference; fileEncoding = 4; lastKnownFileType = sourcecode.c.objc; path = "UIImage+XWAdd.m"; sourceTree = "<group>"; };
		8BED98B91D24AB4F002B10B2 /* UIImageView+XWAdd.h */ = {isa = PBXFileReference; fileEncoding = 4; lastKnownFileType = sourcecode.c.h; path = "UIImageView+XWAdd.h"; sourceTree = "<group>"; };
		8BED98BA1D24AB4F002B10B2 /* UIImageView+XWAdd.m */ = {isa = PBXFileReference; fileEncoding = 4; lastKnownFileType = sourcecode.c.objc; path = "UIImageView+XWAdd.m"; sourceTree = "<group>"; };
		8BED98BB1D24AB4F002B10B2 /* UILabel+XWAdd.h */ = {isa = PBXFileReference; fileEncoding = 4; lastKnownFileType = sourcecode.c.h; path = "UILabel+XWAdd.h"; sourceTree = "<group>"; };
		8BED98BC1D24AB4F002B10B2 /* UILabel+XWAdd.m */ = {isa = PBXFileReference; fileEncoding = 4; lastKnownFileType = sourcecode.c.objc; path = "UILabel+XWAdd.m"; sourceTree = "<group>"; };
		8BED98BD1D24AB4F002B10B2 /* UILabel+XWAddForFrame.h */ = {isa = PBXFileReference; fileEncoding = 4; lastKnownFileType = sourcecode.c.h; path = "UILabel+XWAddForFrame.h"; sourceTree = "<group>"; };
		8BED98BE1D24AB4F002B10B2 /* UILabel+XWAddForFrame.m */ = {isa = PBXFileReference; fileEncoding = 4; lastKnownFileType = sourcecode.c.objc; path = "UILabel+XWAddForFrame.m"; sourceTree = "<group>"; };
		8BED98BF1D24AB4F002B10B2 /* UINavigationController+XWAdd.h */ = {isa = PBXFileReference; fileEncoding = 4; lastKnownFileType = sourcecode.c.h; path = "UINavigationController+XWAdd.h"; sourceTree = "<group>"; };
		8BED98C01D24AB4F002B10B2 /* UINavigationController+XWAdd.m */ = {isa = PBXFileReference; fileEncoding = 4; lastKnownFileType = sourcecode.c.objc; path = "UINavigationController+XWAdd.m"; sourceTree = "<group>"; };
		8BED98C11D24AB4F002B10B2 /* UIScreen+XWAdd.h */ = {isa = PBXFileReference; fileEncoding = 4; lastKnownFileType = sourcecode.c.h; path = "UIScreen+XWAdd.h"; sourceTree = "<group>"; };
		8BED98C21D24AB4F002B10B2 /* UIScreen+XWAdd.m */ = {isa = PBXFileReference; fileEncoding = 4; lastKnownFileType = sourcecode.c.objc; path = "UIScreen+XWAdd.m"; sourceTree = "<group>"; };
		8BED98C31D24AB4F002B10B2 /* UIScrollView+XWAdd.h */ = {isa = PBXFileReference; fileEncoding = 4; lastKnownFileType = sourcecode.c.h; path = "UIScrollView+XWAdd.h"; sourceTree = "<group>"; };
		8BED98C41D24AB4F002B10B2 /* UIScrollView+XWAdd.m */ = {isa = PBXFileReference; fileEncoding = 4; lastKnownFileType = sourcecode.c.objc; path = "UIScrollView+XWAdd.m"; sourceTree = "<group>"; };
		8BED98C51D24AB4F002B10B2 /* UITableView+XWAdd.h */ = {isa = PBXFileReference; fileEncoding = 4; lastKnownFileType = sourcecode.c.h; path = "UITableView+XWAdd.h"; sourceTree = "<group>"; };
		8BED98C61D24AB4F002B10B2 /* UITableView+XWAdd.m */ = {isa = PBXFileReference; fileEncoding = 4; lastKnownFileType = sourcecode.c.objc; path = "UITableView+XWAdd.m"; sourceTree = "<group>"; };
		8BED98C71D24AB4F002B10B2 /* UITextField+XWAdd.h */ = {isa = PBXFileReference; fileEncoding = 4; lastKnownFileType = sourcecode.c.h; path = "UITextField+XWAdd.h"; sourceTree = "<group>"; };
		8BED98C81D24AB4F002B10B2 /* UITextField+XWAdd.m */ = {isa = PBXFileReference; fileEncoding = 4; lastKnownFileType = sourcecode.c.objc; path = "UITextField+XWAdd.m"; sourceTree = "<group>"; };
		8BED98C91D24AB4F002B10B2 /* UIView+XWAdd.h */ = {isa = PBXFileReference; fileEncoding = 4; lastKnownFileType = sourcecode.c.h; path = "UIView+XWAdd.h"; sourceTree = "<group>"; };
		8BED98CA1D24AB4F002B10B2 /* UIView+XWAdd.m */ = {isa = PBXFileReference; fileEncoding = 4; lastKnownFileType = sourcecode.c.objc; path = "UIView+XWAdd.m"; sourceTree = "<group>"; };
		8BED98CB1D24AB4F002B10B2 /* UIView+XWAddForFrame.h */ = {isa = PBXFileReference; fileEncoding = 4; lastKnownFileType = sourcecode.c.h; path = "UIView+XWAddForFrame.h"; sourceTree = "<group>"; };
		8BED98CC1D24AB4F002B10B2 /* UIView+XWAddForFrame.m */ = {isa = PBXFileReference; fileEncoding = 4; lastKnownFileType = sourcecode.c.objc; path = "UIView+XWAddForFrame.m"; sourceTree = "<group>"; };
		8BED98CD1D24AB4F002B10B2 /* XWCategoriesMacro.h */ = {isa = PBXFileReference; fileEncoding = 4; lastKnownFileType = sourcecode.c.h; path = XWCategoriesMacro.h; sourceTree = "<group>"; };
		8BED98CE1D24AB4F002B10B2 /* XWCatergory.h */ = {isa = PBXFileReference; fileEncoding = 4; lastKnownFileType = sourcecode.c.h; path = XWCatergory.h; sourceTree = "<group>"; };
		8BED98CF1D24AB4F002B10B2 /* XWCGUtilities.h */ = {isa = PBXFileReference; fileEncoding = 4; lastKnownFileType = sourcecode.c.h; path = XWCGUtilities.h; sourceTree = "<group>"; };
		8BED98D01D24AB4F002B10B2 /* XWCGUtilities.m */ = {isa = PBXFileReference; fileEncoding = 4; lastKnownFileType = sourcecode.c.objc; path = XWCGUtilities.m; sourceTree = "<group>"; };
		8BED98D11D24AB4F002B10B2 /* XWSingleton.h */ = {isa = PBXFileReference; fileEncoding = 4; lastKnownFileType = sourcecode.c.h; path = XWSingleton.h; sourceTree = "<group>"; };
		8BED98D21D24AB4F002B10B2 /* YYLabel+XWAddForFrame.h */ = {isa = PBXFileReference; fileEncoding = 4; lastKnownFileType = sourcecode.c.h; path = "YYLabel+XWAddForFrame.h"; sourceTree = "<group>"; };
		8BED98D31D24AB4F002B10B2 /* YYLabel+XWAddForFrame.m */ = {isa = PBXFileReference; fileEncoding = 4; lastKnownFileType = sourcecode.c.objc; path = "YYLabel+XWAddForFrame.m"; sourceTree = "<group>"; };
		8BED98D51D24AB4F002B10B2 /* XWNavigationController.h */ = {isa = PBXFileReference; fileEncoding = 4; lastKnownFileType = sourcecode.c.h; path = XWNavigationController.h; sourceTree = "<group>"; };
		8BED98D61D24AB4F002B10B2 /* XWNavigationController.m */ = {isa = PBXFileReference; fileEncoding = 4; lastKnownFileType = sourcecode.c.objc; path = XWNavigationController.m; sourceTree = "<group>"; };
		8BED98DA1D24AB4F002B10B2 /* UINavigationController+XWTransition.h */ = {isa = PBXFileReference; fileEncoding = 4; lastKnownFileType = sourcecode.c.h; path = "UINavigationController+XWTransition.h"; sourceTree = "<group>"; };
		8BED98DB1D24AB4F002B10B2 /* UINavigationController+XWTransition.m */ = {isa = PBXFileReference; fileEncoding = 4; lastKnownFileType = sourcecode.c.objc; path = "UINavigationController+XWTransition.m"; sourceTree = "<group>"; };
		8BED98DC1D24AB4F002B10B2 /* UIViewController+XWTransition.h */ = {isa = PBXFileReference; fileEncoding = 4; lastKnownFileType = sourcecode.c.h; path = "UIViewController+XWTransition.h"; sourceTree = "<group>"; };
		8BED98DD1D24AB4F002B10B2 /* UIViewController+XWTransition.m */ = {isa = PBXFileReference; fileEncoding = 4; lastKnownFileType = sourcecode.c.objc; path = "UIViewController+XWTransition.m"; sourceTree = "<group>"; };
		8BED98DF1D24AB4F002B10B2 /* XWInteractiveTransition.h */ = {isa = PBXFileReference; fileEncoding = 4; lastKnownFileType = sourcecode.c.h; path = XWInteractiveTransition.h; sourceTree = "<group>"; };
		8BED98E01D24AB4F002B10B2 /* XWInteractiveTransition.m */ = {isa = PBXFileReference; fileEncoding = 4; lastKnownFileType = sourcecode.c.objc; path = XWInteractiveTransition.m; sourceTree = "<group>"; };
		8BED98E11D24AB4F002B10B2 /* XWTransitionAnimator.h */ = {isa = PBXFileReference; fileEncoding = 4; lastKnownFileType = sourcecode.c.h; path = XWTransitionAnimator.h; sourceTree = "<group>"; };
		8BED98E21D24AB4F002B10B2 /* XWTransitionAnimator.m */ = {isa = PBXFileReference; fileEncoding = 4; lastKnownFileType = sourcecode.c.objc; path = XWTransitionAnimator.m; sourceTree = "<group>"; };
		8BED98E41D24AB4F002B10B2 /* line.png */ = {isa = PBXFileReference; lastKnownFileType = image.png; path = line.png; sourceTree = "<group>"; };
		8BED98E51D24AB4F002B10B2 /* mask.jpg */ = {isa = PBXFileReference; lastKnownFileType = image.jpeg; path = mask.jpg; sourceTree = "<group>"; };
		8BED98E61D24AB4F002B10B2 /* restrictedshine.tiff */ = {isa = PBXFileReference; lastKnownFileType = image.tiff; path = restrictedshine.tiff; sourceTree = "<group>"; };
		8BED98E81D24AB4F002B10B2 /* XWCircleSpreadAnimator.h */ = {isa = PBXFileReference; fileEncoding = 4; lastKnownFileType = sourcecode.c.h; path = XWCircleSpreadAnimator.h; sourceTree = "<group>"; };
		8BED98E91D24AB4F002B10B2 /* XWCircleSpreadAnimator.m */ = {isa = PBXFileReference; fileEncoding = 4; lastKnownFileType = sourcecode.c.objc; path = XWCircleSpreadAnimator.m; sourceTree = "<group>"; };
		8BED98EB1D24AB4F002B10B2 /* XWCoolAnimator+XWExplode.h */ = {isa = PBXFileReference; fileEncoding = 4; lastKnownFileType = sourcecode.c.h; path = "XWCoolAnimator+XWExplode.h"; sourceTree = "<group>"; };
		8BED98EC1D24AB4F002B10B2 /* XWCoolAnimator+XWExplode.m */ = {isa = PBXFileReference; fileEncoding = 4; lastKnownFileType = sourcecode.c.objc; path = "XWCoolAnimator+XWExplode.m"; sourceTree = "<group>"; };
		8BED98ED1D24AB4F002B10B2 /* XWCoolAnimator+XWFold.h */ = {isa = PBXFileReference; fileEncoding = 4; lastKnownFileType = sourcecode.c.h; path = "XWCoolAnimator+XWFold.h"; sourceTree = "<group>"; };
		8BED98EE1D24AB4F002B10B2 /* XWCoolAnimator+XWFold.m */ = {isa = PBXFileReference; fileEncoding = 4; lastKnownFileType = sourcecode.c.objc; path = "XWCoolAnimator+XWFold.m"; sourceTree = "<group>"; };
		8BED98EF1D24AB4F002B10B2 /* XWCoolAnimator+XWLines.h */ = {isa = PBXFileReference; fileEncoding = 4; lastKnownFileType = sourcecode.c.h; path = "XWCoolAnimator+XWLines.h"; sourceTree = "<group>"; };
		8BED98F01D24AB4F002B10B2 /* XWCoolAnimator+XWLines.m */ = {isa = PBXFileReference; fileEncoding = 4; lastKnownFileType = sourcecode.c.objc; path = "XWCoolAnimator+XWLines.m"; sourceTree = "<group>"; };
		8BED98F11D24AB4F002B10B2 /* XWCoolAnimator+XWMiddlePageFlip.h */ = {isa = PBXFileReference; fileEncoding = 4; lastKnownFileType = sourcecode.c.h; path = "XWCoolAnimator+XWMiddlePageFlip.h"; sourceTree = "<group>"; };
		8BED98F21D24AB4F002B10B2 /* XWCoolAnimator+XWMiddlePageFlip.m */ = {isa = PBXFileReference; fileEncoding = 4; lastKnownFileType = sourcecode.c.objc; path = "XWCoolAnimator+XWMiddlePageFlip.m"; sourceTree = "<group>"; };
		8BED98F31D24AB4F002B10B2 /* XWCoolAnimator+XWPageFlip.h */ = {isa = PBXFileReference; fileEncoding = 4; lastKnownFileType = sourcecode.c.h; path = "XWCoolAnimator+XWPageFlip.h"; sourceTree = "<group>"; };
		8BED98F41D24AB4F002B10B2 /* XWCoolAnimator+XWPageFlip.m */ = {isa = PBXFileReference; fileEncoding = 4; lastKnownFileType = sourcecode.c.objc; path = "XWCoolAnimator+XWPageFlip.m"; sourceTree = "<group>"; };
		8BED98F51D24AB4F002B10B2 /* XWCoolAnimator+XWPortal.h */ = {isa = PBXFileReference; fileEncoding = 4; lastKnownFileType = sourcecode.c.h; path = "XWCoolAnimator+XWPortal.h"; sourceTree = "<group>"; };
		8BED98F61D24AB4F002B10B2 /* XWCoolAnimator+XWPortal.m */ = {isa = PBXFileReference; fileEncoding = 4; lastKnownFileType = sourcecode.c.objc; path = "XWCoolAnimator+XWPortal.m"; sourceTree = "<group>"; };
		8BED98F71D24AB4F002B10B2 /* XWCoolAnimator+XWScanning.h */ = {isa = PBXFileReference; fileEncoding = 4; lastKnownFileType = sourcecode.c.h; path = "XWCoolAnimator+XWScanning.h"; sourceTree = "<group>"; };
		8BED98F81D24AB4F002B10B2 /* XWCoolAnimator+XWScanning.m */ = {isa = PBXFileReference; fileEncoding = 4; lastKnownFileType = sourcecode.c.objc; path = "XWCoolAnimator+XWScanning.m"; sourceTree = "<group>"; };
		8BED98F91D24AB4F002B10B2 /* XWCoolAnimator.h */ = {isa = PBXFileReference; fileEncoding = 4; lastKnownFileType = sourcecode.c.h; path = XWCoolAnimator.h; sourceTree = "<group>"; };
		8BED98FA1D24AB4F002B10B2 /* XWCoolAnimator.m */ = {isa = PBXFileReference; fileEncoding = 4; lastKnownFileType = sourcecode.c.objc; path = XWCoolAnimator.m; sourceTree = "<group>"; };
		8BED98FC1D24AB4F002B10B2 /* XWDrawerAnimator.h */ = {isa = PBXFileReference; fileEncoding = 4; lastKnownFileType = sourcecode.c.h; path = XWDrawerAnimator.h; sourceTree = "<group>"; };
		8BED98FD1D24AB4F002B10B2 /* XWDrawerAnimator.m */ = {isa = PBXFileReference; fileEncoding = 4; lastKnownFileType = sourcecode.c.objc; path = XWDrawerAnimator.m; sourceTree = "<group>"; };
		8BED98FF1D24AB4F002B10B2 /* XWFilterAnimator+XWBarSwipe.h */ = {isa = PBXFileReference; fileEncoding = 4; lastKnownFileType = sourcecode.c.h; path = "XWFilterAnimator+XWBarSwipe.h"; sourceTree = "<group>"; };
		8BED99001D24AB4F002B10B2 /* XWFilterAnimator+XWBarSwipe.m */ = {isa = PBXFileReference; fileEncoding = 4; lastKnownFileType = sourcecode.c.objc; path = "XWFilterAnimator+XWBarSwipe.m"; sourceTree = "<group>"; };
		8BED99011D24AB4F002B10B2 /* XWFilterAnimator+XWBoxBlur.h */ = {isa = PBXFileReference; fileEncoding = 4; lastKnownFileType = sourcecode.c.h; path = "XWFilterAnimator+XWBoxBlur.h"; sourceTree = "<group>"; };
		8BED99021D24AB4F002B10B2 /* XWFilterAnimator+XWBoxBlur.m */ = {isa = PBXFileReference; fileEncoding = 4; lastKnownFileType = sourcecode.c.objc; path = "XWFilterAnimator+XWBoxBlur.m"; sourceTree = "<group>"; };
		8BED99031D24AB4F002B10B2 /* XWFilterAnimator+XWCopyMachine.h */ = {isa = PBXFileReference; fileEncoding = 4; lastKnownFileType = sourcecode.c.h; path = "XWFilterAnimator+XWCopyMachine.h"; sourceTree = "<group>"; };
		8BED99041D24AB4F002B10B2 /* XWFilterAnimator+XWCopyMachine.m */ = {isa = PBXFileReference; fileEncoding = 4; lastKnownFileType = sourcecode.c.objc; path = "XWFilterAnimator+XWCopyMachine.m"; sourceTree = "<group>"; };
		8BED99051D24AB4F002B10B2 /* XWFilterAnimator+XWFlash.h */ = {isa = PBXFileReference; fileEncoding = 4; lastKnownFileType = sourcecode.c.h; path = "XWFilterAnimator+XWFlash.h"; sourceTree = "<group>"; };
		8BED99061D24AB4F002B10B2 /* XWFilterAnimator+XWFlash.m */ = {isa = PBXFileReference; fileEncoding = 4; lastKnownFileType = sourcecode.c.objc; path = "XWFilterAnimator+XWFlash.m"; sourceTree = "<group>"; };
		8BED99071D24AB4F002B10B2 /* XWFilterAnimator+XWMask.h */ = {isa = PBXFileReference; fileEncoding = 4; lastKnownFileType = sourcecode.c.h; path = "XWFilterAnimator+XWMask.h"; sourceTree = "<group>"; };
		8BED99081D24AB4F002B10B2 /* XWFilterAnimator+XWMask.m */ = {isa = PBXFileReference; fileEncoding = 4; lastKnownFileType = sourcecode.c.objc; path = "XWFilterAnimator+XWMask.m"; sourceTree = "<group>"; };
		8BED99091D24AB4F002B10B2 /* XWFilterAnimator+XWMod.h */ = {isa = PBXFileReference; fileEncoding = 4; lastKnownFileType = sourcecode.c.h; path = "XWFilterAnimator+XWMod.h"; sourceTree = "<group>"; };
		8BED990A1D24AB4F002B10B2 /* XWFilterAnimator+XWMod.m */ = {isa = PBXFileReference; fileEncoding = 4; lastKnownFileType = sourcecode.c.objc; path = "XWFilterAnimator+XWMod.m"; sourceTree = "<group>"; };
		8BED990B1D24AB4F002B10B2 /* XWFilterAnimator+XWPageCurl.h */ = {isa = PBXFileReference; fileEncoding = 4; lastKnownFileType = sourcecode.c.h; path = "XWFilterAnimator+XWPageCurl.h"; sourceTree = "<group>"; };
		8BED990C1D24AB4F002B10B2 /* XWFilterAnimator+XWPageCurl.m */ = {isa = PBXFileReference; fileEncoding = 4; lastKnownFileType = sourcecode.c.objc; path = "XWFilterAnimator+XWPageCurl.m"; sourceTree = "<group>"; };
		8BED990D1D24AB4F002B10B2 /* XWFilterAnimator+XWRipple.h */ = {isa = PBXFileReference; fileEncoding = 4; lastKnownFileType = sourcecode.c.h; path = "XWFilterAnimator+XWRipple.h"; sourceTree = "<group>"; };
		8BED990E1D24AB4F002B10B2 /* XWFilterAnimator+XWRipple.m */ = {isa = PBXFileReference; fileEncoding = 4; lastKnownFileType = sourcecode.c.objc; path = "XWFilterAnimator+XWRipple.m"; sourceTree = "<group>"; };
		8BED990F1D24AB4F002B10B2 /* XWFilterAnimator+XWSwipe.h */ = {isa = PBXFileReference; fileEncoding = 4; lastKnownFileType = sourcecode.c.h; path = "XWFilterAnimator+XWSwipe.h"; sourceTree = "<group>"; };
		8BED99101D24AB4F002B10B2 /* XWFilterAnimator+XWSwipe.m */ = {isa = PBXFileReference; fileEncoding = 4; lastKnownFileType = sourcecode.c.objc; path = "XWFilterAnimator+XWSwipe.m"; sourceTree = "<group>"; };
		8BED99111D24AB4F002B10B2 /* XWFilterAnimator.h */ = {isa = PBXFileReference; fileEncoding = 4; lastKnownFileType = sourcecode.c.h; path = XWFilterAnimator.h; sourceTree = "<group>"; };
		8BED99121D24AB4F002B10B2 /* XWFilterAnimator.m */ = {isa = PBXFileReference; fileEncoding = 4; lastKnownFileType = sourcecode.c.objc; path = XWFilterAnimator.m; sourceTree = "<group>"; };
		8BED99131D24AB4F002B10B2 /* XWFilterTransitionView.h */ = {isa = PBXFileReference; fileEncoding = 4; lastKnownFileType = sourcecode.c.h; path = XWFilterTransitionView.h; sourceTree = "<group>"; };
		8BED99141D24AB4F002B10B2 /* XWFilterTransitionView.m */ = {isa = PBXFileReference; fileEncoding = 4; lastKnownFileType = sourcecode.c.objc; path = XWFilterTransitionView.m; sourceTree = "<group>"; };
		8BED99161D24AB4F002B10B2 /* XWMagicMoveAnimator.h */ = {isa = PBXFileReference; fileEncoding = 4; lastKnownFileType = sourcecode.c.h; path = XWMagicMoveAnimator.h; sourceTree = "<group>"; };
		8BED99171D24AB4F002B10B2 /* XWMagicMoveAnimator.m */ = {isa = PBXFileReference; fileEncoding = 4; lastKnownFileType = sourcecode.c.objc; path = XWMagicMoveAnimator.m; sourceTree = "<group>"; };
		8BED991A1D24AB4F002B10B2 /* XWConstantDefine.h */ = {isa = PBXFileReference; fileEncoding = 4; lastKnownFileType = sourcecode.c.h; path = XWConstantDefine.h; sourceTree = "<group>"; };
		8BED991B1D24AB4F002B10B2 /* XWConstantDefine.m */ = {isa = PBXFileReference; fileEncoding = 4; lastKnownFileType = sourcecode.c.objc; path = XWConstantDefine.m; sourceTree = "<group>"; };
		8BED991D1D24AB4F002B10B2 /* XWDataTool.h */ = {isa = PBXFileReference; fileEncoding = 4; lastKnownFileType = sourcecode.c.h; path = XWDataTool.h; sourceTree = "<group>"; };
		8BED991E1D24AB4F002B10B2 /* XWNetTool.h */ = {isa = PBXFileReference; fileEncoding = 4; lastKnownFileType = sourcecode.c.h; path = XWNetTool.h; sourceTree = "<group>"; };
		8BED991F1D24AB4F002B10B2 /* XWNetTool.m */ = {isa = PBXFileReference; fileEncoding = 4; lastKnownFileType = sourcecode.c.objc; path = XWNetTool.m; sourceTree = "<group>"; };
		8BED99211D24AB4F002B10B2 /* XWBaseViewModel.h */ = {isa = PBXFileReference; fileEncoding = 4; lastKnownFileType = sourcecode.c.h; path = XWBaseViewModel.h; sourceTree = "<group>"; };
		8BED99221D24AB4F002B10B2 /* XWBaseViewModel.m */ = {isa = PBXFileReference; fileEncoding = 4; lastKnownFileType = sourcecode.c.objc; path = XWBaseViewModel.m; sourceTree = "<group>"; };
		8BED99241D24AB4F002B10B2 /* XWSimpleTipView.h */ = {isa = PBXFileReference; fileEncoding = 4; lastKnownFileType = sourcecode.c.h; path = XWSimpleTipView.h; sourceTree = "<group>"; };
		8BED99251D24AB4F002B10B2 /* XWSimpleTipView.m */ = {isa = PBXFileReference; fileEncoding = 4; lastKnownFileType = sourcecode.c.objc; path = XWSimpleTipView.m; sourceTree = "<group>"; };
		8BED99281D24AB4F002B10B2 /* XWSearchController.h */ = {isa = PBXFileReference; fileEncoding = 4; lastKnownFileType = sourcecode.c.h; path = XWSearchController.h; sourceTree = "<group>"; };
		8BED99291D24AB4F002B10B2 /* XWSearchController.m */ = {isa = PBXFileReference; fileEncoding = 4; lastKnownFileType = sourcecode.c.objc; path = XWSearchController.m; sourceTree = "<group>"; };
		8BED992C1D24AB4F002B10B2 /* XWSearchTypeDefine.h */ = {isa = PBXFileReference; fileEncoding = 4; lastKnownFileType = sourcecode.c.h; path = XWSearchTypeDefine.h; sourceTree = "<group>"; };
		8BED992E1D24AB4F002B10B2 /* XWSearchNetTool.h */ = {isa = PBXFileReference; fileEncoding = 4; lastKnownFileType = sourcecode.c.h; path = XWSearchNetTool.h; sourceTree = "<group>"; };
		8BED992F1D24AB4F002B10B2 /* XWSearchNetTool.m */ = {isa = PBXFileReference; fileEncoding = 4; lastKnownFileType = sourcecode.c.objc; path = XWSearchNetTool.m; sourceTree = "<group>"; };
		8BED99311D24AB4F002B10B2 /* XWSearchViewModel.h */ = {isa = PBXFileReference; fileEncoding = 4; lastKnownFileType = sourcecode.c.h; path = XWSearchViewModel.h; sourceTree = "<group>"; };
		8BED99321D24AB4F002B10B2 /* XWSearchViewModel.m */ = {isa = PBXFileReference; fileEncoding = 4; lastKnownFileType = sourcecode.c.objc; path = XWSearchViewModel.m; sourceTree = "<group>"; };
		8BED99341D24AB4F002B10B2 /* XWSearchView.h */ = {isa = PBXFileReference; fileEncoding = 4; lastKnownFileType = sourcecode.c.h; path = XWSearchView.h; sourceTree = "<group>"; };
		8BED99351D24AB4F002B10B2 /* XWSearchView.m */ = {isa = PBXFileReference; fileEncoding = 4; lastKnownFileType = sourcecode.c.objc; path = XWSearchView.m; sourceTree = "<group>"; };
		8BED99391D24AB4F002B10B2 /* XWSearchResultController.m */ = {isa = PBXFileReference; fileEncoding = 4; lastKnownFileType = sourcecode.c.objc; path = XWSearchResultController.m; sourceTree = "<group>"; };
		8BED993B1D24AB4F002B10B2 /* XWSearchResultModel.h */ = {isa = PBXFileReference; fileEncoding = 4; lastKnownFileType = sourcecode.c.h; path = XWSearchResultModel.h; sourceTree = "<group>"; };
		8BED993C1D24AB4F002B10B2 /* XWSearchResultModel.m */ = {isa = PBXFileReference; fileEncoding = 4; lastKnownFileType = sourcecode.c.objc; path = XWSearchResultModel.m; sourceTree = "<group>"; };
		8BED993E1D24AB4F002B10B2 /* XWSearchReslutViewModel.h */ = {isa = PBXFileReference; fileEncoding = 4; lastKnownFileType = sourcecode.c.h; path = XWSearchReslutViewModel.h; sourceTree = "<group>"; };
		8BED993F1D24AB4F002B10B2 /* XWSearchReslutViewModel.m */ = {isa = PBXFileReference; fileEncoding = 4; lastKnownFileType = sourcecode.c.objc; path = XWSearchReslutViewModel.m; sourceTree = "<group>"; };
		8BED99411D24AB4F002B10B2 /* XWSearchResultCell.h */ = {isa = PBXFileReference; fileEncoding = 4; lastKnownFileType = sourcecode.c.h; path = XWSearchResultCell.h; sourceTree = "<group>"; };
		8BED99421D24AB4F002B10B2 /* XWSearchResultCell.m */ = {isa = PBXFileReference; fileEncoding = 4; lastKnownFileType = sourcecode.c.objc; path = XWSearchResultCell.m; sourceTree = "<group>"; };
		8BED99431D24AB4F002B10B2 /* XWSearchResultView.h */ = {isa = PBXFileReference; fileEncoding = 4; lastKnownFileType = sourcecode.c.h; path = XWSearchResultView.h; sourceTree = "<group>"; };
		8BED99441D24AB4F002B10B2 /* XWSearchResultView.m */ = {isa = PBXFileReference; fileEncoding = 4; lastKnownFileType = sourcecode.c.objc; path = XWSearchResultView.m; sourceTree = "<group>"; };
		8BED999C1D24ABFF002B10B2 /* XWAppDelegate.m */ = {isa = PBXFileReference; fileEncoding = 4; lastKnownFileType = sourcecode.c.objc; path = XWAppDelegate.m; sourceTree = "<group>"; };
		8BED999D1D24ABFF002B10B2 /* XWAppDelegate.h */ = {isa = PBXFileReference; fileEncoding = 4; lastKnownFileType = sourcecode.c.h; path = XWAppDelegate.h; sourceTree = "<group>"; };
		8BED999F1D24AC37002B10B2 /* XWSearchResultController.h */ = {isa = PBXFileReference; fileEncoding = 4; lastKnownFileType = sourcecode.c.h; path = XWSearchResultController.h; sourceTree = "<group>"; };
		9E55AE5126A3F3BDC45AE324 /* Pods.debug.xcconfig */ = {isa = PBXFileReference; includeInIndex = 1; lastKnownFileType = text.xcconfig; name = Pods.debug.xcconfig; path = "Pods/Target Support Files/Pods/Pods.debug.xcconfig"; sourceTree = "<group>"; };
		EB892BA625C97A756B9C62A5 /* Pods.release.xcconfig */ = {isa = PBXFileReference; includeInIndex = 1; lastKnownFileType = text.xcconfig; name = Pods.release.xcconfig; path = "Pods/Target Support Files/Pods/Pods.release.xcconfig"; sourceTree = "<group>"; };
/* End PBXFileReference section */

/* Begin PBXFrameworksBuildPhase section */
		8B30DBC71D1BC42D0018CB1A /* Frameworks */ = {
			isa = PBXFrameworksBuildPhase;
			buildActionMask = 2147483647;
			files = (
				70DC15EAF6DCB696B4452FF9 /* libPods.a in Frameworks */,
			);
			runOnlyForDeploymentPostprocessing = 0;
		};
/* End PBXFrameworksBuildPhase section */

/* Begin PBXGroup section */
		480896DB8D63A80AB5AA8E10 /* Pods */ = {
			isa = PBXGroup;
			children = (
				9E55AE5126A3F3BDC45AE324 /* Pods.debug.xcconfig */,
				EB892BA625C97A756B9C62A5 /* Pods.release.xcconfig */,
			);
			name = Pods;
			sourceTree = "<group>";
		};
		6029A3B6894A79849997989B /* Frameworks */ = {
			isa = PBXGroup;
			children = (
				35A27C648ACAA86F79F09BDB /* libPods.a */,
			);
			name = Frameworks;
			sourceTree = "<group>";
		};
		8B30DBC11D1BC42D0018CB1A = {
			isa = PBXGroup;
			children = (
				8B30DBCC1D1BC42D0018CB1A /* TryLrc */,
				8B30DBCB1D1BC42D0018CB1A /* Products */,
				480896DB8D63A80AB5AA8E10 /* Pods */,
				6029A3B6894A79849997989B /* Frameworks */,
			);
			sourceTree = "<group>";
		};
		8B30DBCB1D1BC42D0018CB1A /* Products */ = {
			isa = PBXGroup;
			children = (
				8B30DBCA1D1BC42D0018CB1A /* TryLrc.app */,
			);
			name = Products;
			sourceTree = "<group>";
		};
		8B30DBCC1D1BC42D0018CB1A /* TryLrc */ = {
			isa = PBXGroup;
			children = (
				8BED98721D24AB4F002B10B2 /* Classes */,
				8B30DBCD1D1BC42D0018CB1A /* Supporting Files */,
			);
			path = TryLrc;
			sourceTree = "<group>";
		};
		8B30DBCD1D1BC42D0018CB1A /* Supporting Files */ = {
			isa = PBXGroup;
			children = (
				8B30DBD61D1BC42D0018CB1A /* Main.storyboard */,
				8B30DBD91D1BC42D0018CB1A /* Assets.xcassets */,
				8B30DBDB1D1BC42D0018CB1A /* LaunchScreen.storyboard */,
				8B30DBDE1D1BC42D0018CB1A /* Info.plist */,
				8B30DBCE1D1BC42D0018CB1A /* main.m */,
			);
			name = "Supporting Files";
			sourceTree = "<group>";
		};
		8BED98721D24AB4F002B10B2 /* Classes */ = {
			isa = PBXGroup;
			children = (
				8BED99261D24AB4F002B10B2 /* Search */,
				8BED99361D24AB4F002B10B2 /* SearchResult */,
				8BED98731D24AB4F002B10B2 /* Lrc */,
				8BED98851D24AB4F002B10B2 /* Main */,
			);
			path = Classes;
			sourceTree = "<group>";
		};
		8BED98731D24AB4F002B10B2 /* Lrc */ = {
			isa = PBXGroup;
			children = (
				8BED98741D24AB4F002B10B2 /* Controllers */,
				8BED98771D24AB4F002B10B2 /* Models */,
				8BED987A1D24AB4F002B10B2 /* Tool */,
				8BED987D1D24AB4F002B10B2 /* ViewModels */,
				8BED98801D24AB4F002B10B2 /* Views */,
			);
			path = Lrc;
			sourceTree = "<group>";
		};
		8BED98741D24AB4F002B10B2 /* Controllers */ = {
			isa = PBXGroup;
			children = (
				8BED98751D24AB4F002B10B2 /* XWLrcController.h */,
				8BED98761D24AB4F002B10B2 /* XWLrcController.m */,
			);
			path = Controllers;
			sourceTree = "<group>";
		};
		8BED98771D24AB4F002B10B2 /* Models */ = {
			isa = PBXGroup;
			children = (
				8BED98781D24AB4F002B10B2 /* XWLrcModel.h */,
				8BED98791D24AB4F002B10B2 /* XWLrcModel.m */,
			);
			path = Models;
			sourceTree = "<group>";
		};
		8BED987A1D24AB4F002B10B2 /* Tool */ = {
			isa = PBXGroup;
			children = (
				8BED987B1D24AB4F002B10B2 /* XWLrcTimeTool.h */,
				8BED987C1D24AB4F002B10B2 /* XWLrcTimeTool.m */,
			);
			path = Tool;
			sourceTree = "<group>";
		};
		8BED987D1D24AB4F002B10B2 /* ViewModels */ = {
			isa = PBXGroup;
			children = (
				8BED987E1D24AB4F002B10B2 /* XWLrcViewModel.h */,
				8BED987F1D24AB4F002B10B2 /* XWLrcViewModel.m */,
			);
			path = ViewModels;
			sourceTree = "<group>";
		};
		8BED98801D24AB4F002B10B2 /* Views */ = {
			isa = PBXGroup;
			children = (
				8BED98811D24AB4F002B10B2 /* XWLrcCell.h */,
				8BED98821D24AB4F002B10B2 /* XWLrcCell.m */,
				8BED98831D24AB4F002B10B2 /* XWLrcView.h */,
				8BED98841D24AB4F002B10B2 /* XWLrcView.m */,
				8B4DC3F11D2DF99F00198E2C /* XWLrcEditView.h */,
				8B4DC3F21D2DF99F00198E2C /* XWLrcEditView.m */,
			);
			path = Views;
			sourceTree = "<group>";
		};
		8BED98851D24AB4F002B10B2 /* Main */ = {
			isa = PBXGroup;
			children = (
				8BED98861D24AB4F002B10B2 /* Catergories */,
				8BED98D41D24AB4F002B10B2 /* Controllers */,
				8BED98D71D24AB4F002B10B2 /* Libs */,
				8BED99181D24AB4F002B10B2 /* Models */,
				8BED99191D24AB4F002B10B2 /* Others */,
				8BED991C1D24AB4F002B10B2 /* Tools */,
				8BED99201D24AB4F002B10B2 /* ViewModels */,
				8BED99231D24AB4F002B10B2 /* Views */,
			);
			path = Main;
			sourceTree = "<group>";
		};
		8BED98861D24AB4F002B10B2 /* Catergories */ = {
			isa = PBXGroup;
			children = (
				8BED98871D24AB4F002B10B2 /* XWCatergories */,
			);
			path = Catergories;
			sourceTree = "<group>";
		};
		8BED98871D24AB4F002B10B2 /* XWCatergories */ = {
			isa = PBXGroup;
			children = (
				8BED98881D24AB4F002B10B2 /* CALayer+XWAdd.h */,
				8BED98891D24AB4F002B10B2 /* CALayer+XWAdd.m */,
				8BED988A1D24AB4F002B10B2 /* CALayer+XWAddForFrame.h */,
				8BED988B1D24AB4F002B10B2 /* CALayer+XWAddForFrame.m */,
				8BED988C1D24AB4F002B10B2 /* Foundation+Log.m */,
				8BED988D1D24AB4F002B10B2 /* NSArray+XWAdd.h */,
				8BED988E1D24AB4F002B10B2 /* NSArray+XWAdd.m */,
				8BED988F1D24AB4F002B10B2 /* NSData+XWAdd.h */,
				8BED98901D24AB4F002B10B2 /* NSData+XWAdd.m */,
				8BED98911D24AB4F002B10B2 /* NSDate+XWAdd.h */,
				8BED98921D24AB4F002B10B2 /* NSDate+XWAdd.m */,
				8BED98931D24AB4F002B10B2 /* NSDictionary+XWAdd.h */,
				8BED98941D24AB4F002B10B2 /* NSDictionary+XWAdd.m */,
				8BED98951D24AB4F002B10B2 /* NSMutableArray+XWAdd.h */,
				8BED98961D24AB4F002B10B2 /* NSMutableArray+XWAdd.m */,
				8BED98971D24AB4F002B10B2 /* NSMutableDictionary+XWAdd.h */,
				8BED98981D24AB4F002B10B2 /* NSMutableDictionary+XWAdd.m */,
				8BED98991D24AB4F002B10B2 /* NSNotificationCenter+XWAdd.h */,
				8BED989A1D24AB4F002B10B2 /* NSNotificationCenter+XWAdd.m */,
				8BED989B1D24AB4F002B10B2 /* NSNumber+XWAdd.h */,
				8BED989C1D24AB4F002B10B2 /* NSNumber+XWAdd.m */,
				8BED989D1D24AB4F002B10B2 /* NSObject+XWAdd.h */,
				8BED989E1D24AB4F002B10B2 /* NSObject+XWAdd.m */,
				8BED989F1D24AB4F002B10B2 /* NSString+XWAdd.h */,
				8BED98A01D24AB4F002B10B2 /* NSString+XWAdd.m */,
				8BED98A11D24AB4F002B10B2 /* NSTimer+XWAdd.h */,
				8BED98A21D24AB4F002B10B2 /* NSTimer+XWAdd.m */,
				8BED98A31D24AB4F002B10B2 /* UIActivityIndicatorView+XWAdd.h */,
				8BED98A41D24AB4F002B10B2 /* UIActivityIndicatorView+XWAdd.m */,
				8BED98A51D24AB4F002B10B2 /* UIAlertView+XWAdd.h */,
				8BED98A61D24AB4F002B10B2 /* UIAlertView+XWAdd.m */,
				8BED98A71D24AB4F002B10B2 /* UIApplication+XWAdd.h */,
				8BED98A81D24AB4F002B10B2 /* UIApplication+XWAdd.m */,
				8BED98A91D24AB4F002B10B2 /* UIBarButtonItem+XWAdd.h */,
				8BED98AA1D24AB4F002B10B2 /* UIBarButtonItem+XWAdd.m */,
				8BED98AB1D24AB4F002B10B2 /* UIBezierPath+XWAdd.h */,
				8BED98AC1D24AB4F002B10B2 /* UIBezierPath+XWAdd.m */,
				8BED98AD1D24AB4F002B10B2 /* UICollectionViewFlowLayout+XWAdd.h */,
				8BED98AE1D24AB4F002B10B2 /* UICollectionViewFlowLayout+XWAdd.m */,
				8BED98AF1D24AB4F002B10B2 /* UIColor+XWAdd.h */,
				8BED98B01D24AB4F002B10B2 /* UIColor+XWAdd.m */,
				8BED98B11D24AB4F002B10B2 /* UIControl+XWAdd.h */,
				8BED98B21D24AB4F002B10B2 /* UIControl+XWAdd.m */,
				8BED98B31D24AB4F002B10B2 /* UIDevice+XWAdd.h */,
				8BED98B41D24AB4F002B10B2 /* UIDevice+XWAdd.m */,
				8BED98B51D24AB4F002B10B2 /* UIFont+XWAdd.h */,
				8BED98B61D24AB4F002B10B2 /* UIFont+XWAdd.m */,
				8BED98B71D24AB4F002B10B2 /* UIImage+XWAdd.h */,
				8BED98B81D24AB4F002B10B2 /* UIImage+XWAdd.m */,
				8BED98B91D24AB4F002B10B2 /* UIImageView+XWAdd.h */,
				8BED98BA1D24AB4F002B10B2 /* UIImageView+XWAdd.m */,
				8BED98BB1D24AB4F002B10B2 /* UILabel+XWAdd.h */,
				8BED98BC1D24AB4F002B10B2 /* UILabel+XWAdd.m */,
				8BED98BD1D24AB4F002B10B2 /* UILabel+XWAddForFrame.h */,
				8BED98BE1D24AB4F002B10B2 /* UILabel+XWAddForFrame.m */,
				8BED98BF1D24AB4F002B10B2 /* UINavigationController+XWAdd.h */,
				8BED98C01D24AB4F002B10B2 /* UINavigationController+XWAdd.m */,
				8BED98C11D24AB4F002B10B2 /* UIScreen+XWAdd.h */,
				8BED98C21D24AB4F002B10B2 /* UIScreen+XWAdd.m */,
				8BED98C31D24AB4F002B10B2 /* UIScrollView+XWAdd.h */,
				8BED98C41D24AB4F002B10B2 /* UIScrollView+XWAdd.m */,
				8BED98C51D24AB4F002B10B2 /* UITableView+XWAdd.h */,
				8BED98C61D24AB4F002B10B2 /* UITableView+XWAdd.m */,
				8BED98C71D24AB4F002B10B2 /* UITextField+XWAdd.h */,
				8BED98C81D24AB4F002B10B2 /* UITextField+XWAdd.m */,
				8BED98C91D24AB4F002B10B2 /* UIView+XWAdd.h */,
				8BED98CA1D24AB4F002B10B2 /* UIView+XWAdd.m */,
				8BED98CB1D24AB4F002B10B2 /* UIView+XWAddForFrame.h */,
				8BED98CC1D24AB4F002B10B2 /* UIView+XWAddForFrame.m */,
				8BED98CD1D24AB4F002B10B2 /* XWCategoriesMacro.h */,
				8BED98CE1D24AB4F002B10B2 /* XWCatergory.h */,
				8BED98CF1D24AB4F002B10B2 /* XWCGUtilities.h */,
				8BED98D01D24AB4F002B10B2 /* XWCGUtilities.m */,
				8BED98D11D24AB4F002B10B2 /* XWSingleton.h */,
				8BED98D21D24AB4F002B10B2 /* YYLabel+XWAddForFrame.h */,
				8BED98D31D24AB4F002B10B2 /* YYLabel+XWAddForFrame.m */,
			);
			path = XWCatergories;
			sourceTree = "<group>";
		};
		8BED98D41D24AB4F002B10B2 /* Controllers */ = {
			isa = PBXGroup;
			children = (
				8BED98D51D24AB4F002B10B2 /* XWNavigationController.h */,
				8BED98D61D24AB4F002B10B2 /* XWNavigationController.m */,
			);
			path = Controllers;
			sourceTree = "<group>";
		};
		8BED98D71D24AB4F002B10B2 /* Libs */ = {
			isa = PBXGroup;
			children = (
				8BED98D81D24AB4F002B10B2 /* XWTransition */,
			);
			path = Libs;
			sourceTree = "<group>";
		};
		8BED98D81D24AB4F002B10B2 /* XWTransition */ = {
			isa = PBXGroup;
			children = (
				8BED98D91D24AB4F002B10B2 /* Category */,
				8BED98DE1D24AB4F002B10B2 /* Main */,
				8BED98E31D24AB4F002B10B2 /* Resoures */,
				8BED98E71D24AB4F002B10B2 /* XWCircleSpreadAnimator */,
				8BED98EA1D24AB4F002B10B2 /* XWCoolAnimator */,
				8BED98FB1D24AB4F002B10B2 /* XWDrawerAnimator */,
				8BED98FE1D24AB4F002B10B2 /* XWFilterAnimator */,
				8BED99151D24AB4F002B10B2 /* XWMagicMoveAnimator */,
			);
			path = XWTransition;
			sourceTree = "<group>";
		};
		8BED98D91D24AB4F002B10B2 /* Category */ = {
			isa = PBXGroup;
			children = (
				8BED98DA1D24AB4F002B10B2 /* UINavigationController+XWTransition.h */,
				8BED98DB1D24AB4F002B10B2 /* UINavigationController+XWTransition.m */,
				8BED98DC1D24AB4F002B10B2 /* UIViewController+XWTransition.h */,
				8BED98DD1D24AB4F002B10B2 /* UIViewController+XWTransition.m */,
			);
			path = Category;
			sourceTree = "<group>";
		};
		8BED98DE1D24AB4F002B10B2 /* Main */ = {
			isa = PBXGroup;
			children = (
				8BED98DF1D24AB4F002B10B2 /* XWInteractiveTransition.h */,
				8BED98E01D24AB4F002B10B2 /* XWInteractiveTransition.m */,
				8BED98E11D24AB4F002B10B2 /* XWTransitionAnimator.h */,
				8BED98E21D24AB4F002B10B2 /* XWTransitionAnimator.m */,
			);
			path = Main;
			sourceTree = "<group>";
		};
		8BED98E31D24AB4F002B10B2 /* Resoures */ = {
			isa = PBXGroup;
			children = (
				8BED98E41D24AB4F002B10B2 /* line.png */,
				8BED98E51D24AB4F002B10B2 /* mask.jpg */,
				8BED98E61D24AB4F002B10B2 /* restrictedshine.tiff */,
			);
			path = Resoures;
			sourceTree = "<group>";
		};
		8BED98E71D24AB4F002B10B2 /* XWCircleSpreadAnimator */ = {
			isa = PBXGroup;
			children = (
				8BED98E81D24AB4F002B10B2 /* XWCircleSpreadAnimator.h */,
				8BED98E91D24AB4F002B10B2 /* XWCircleSpreadAnimator.m */,
			);
			path = XWCircleSpreadAnimator;
			sourceTree = "<group>";
		};
		8BED98EA1D24AB4F002B10B2 /* XWCoolAnimator */ = {
			isa = PBXGroup;
			children = (
				8BED98EB1D24AB4F002B10B2 /* XWCoolAnimator+XWExplode.h */,
				8BED98EC1D24AB4F002B10B2 /* XWCoolAnimator+XWExplode.m */,
				8BED98ED1D24AB4F002B10B2 /* XWCoolAnimator+XWFold.h */,
				8BED98EE1D24AB4F002B10B2 /* XWCoolAnimator+XWFold.m */,
				8BED98EF1D24AB4F002B10B2 /* XWCoolAnimator+XWLines.h */,
				8BED98F01D24AB4F002B10B2 /* XWCoolAnimator+XWLines.m */,
				8BED98F11D24AB4F002B10B2 /* XWCoolAnimator+XWMiddlePageFlip.h */,
				8BED98F21D24AB4F002B10B2 /* XWCoolAnimator+XWMiddlePageFlip.m */,
				8BED98F31D24AB4F002B10B2 /* XWCoolAnimator+XWPageFlip.h */,
				8BED98F41D24AB4F002B10B2 /* XWCoolAnimator+XWPageFlip.m */,
				8BED98F51D24AB4F002B10B2 /* XWCoolAnimator+XWPortal.h */,
				8BED98F61D24AB4F002B10B2 /* XWCoolAnimator+XWPortal.m */,
				8BED98F71D24AB4F002B10B2 /* XWCoolAnimator+XWScanning.h */,
				8BED98F81D24AB4F002B10B2 /* XWCoolAnimator+XWScanning.m */,
				8BED98F91D24AB4F002B10B2 /* XWCoolAnimator.h */,
				8BED98FA1D24AB4F002B10B2 /* XWCoolAnimator.m */,
			);
			path = XWCoolAnimator;
			sourceTree = "<group>";
		};
		8BED98FB1D24AB4F002B10B2 /* XWDrawerAnimator */ = {
			isa = PBXGroup;
			children = (
				8BED98FC1D24AB4F002B10B2 /* XWDrawerAnimator.h */,
				8BED98FD1D24AB4F002B10B2 /* XWDrawerAnimator.m */,
			);
			path = XWDrawerAnimator;
			sourceTree = "<group>";
		};
		8BED98FE1D24AB4F002B10B2 /* XWFilterAnimator */ = {
			isa = PBXGroup;
			children = (
				8BED98FF1D24AB4F002B10B2 /* XWFilterAnimator+XWBarSwipe.h */,
				8BED99001D24AB4F002B10B2 /* XWFilterAnimator+XWBarSwipe.m */,
				8BED99011D24AB4F002B10B2 /* XWFilterAnimator+XWBoxBlur.h */,
				8BED99021D24AB4F002B10B2 /* XWFilterAnimator+XWBoxBlur.m */,
				8BED99031D24AB4F002B10B2 /* XWFilterAnimator+XWCopyMachine.h */,
				8BED99041D24AB4F002B10B2 /* XWFilterAnimator+XWCopyMachine.m */,
				8BED99051D24AB4F002B10B2 /* XWFilterAnimator+XWFlash.h */,
				8BED99061D24AB4F002B10B2 /* XWFilterAnimator+XWFlash.m */,
				8BED99071D24AB4F002B10B2 /* XWFilterAnimator+XWMask.h */,
				8BED99081D24AB4F002B10B2 /* XWFilterAnimator+XWMask.m */,
				8BED99091D24AB4F002B10B2 /* XWFilterAnimator+XWMod.h */,
				8BED990A1D24AB4F002B10B2 /* XWFilterAnimator+XWMod.m */,
				8BED990B1D24AB4F002B10B2 /* XWFilterAnimator+XWPageCurl.h */,
				8BED990C1D24AB4F002B10B2 /* XWFilterAnimator+XWPageCurl.m */,
				8BED990D1D24AB4F002B10B2 /* XWFilterAnimator+XWRipple.h */,
				8BED990E1D24AB4F002B10B2 /* XWFilterAnimator+XWRipple.m */,
				8BED990F1D24AB4F002B10B2 /* XWFilterAnimator+XWSwipe.h */,
				8BED99101D24AB4F002B10B2 /* XWFilterAnimator+XWSwipe.m */,
				8BED99111D24AB4F002B10B2 /* XWFilterAnimator.h */,
				8BED99121D24AB4F002B10B2 /* XWFilterAnimator.m */,
				8BED99131D24AB4F002B10B2 /* XWFilterTransitionView.h */,
				8BED99141D24AB4F002B10B2 /* XWFilterTransitionView.m */,
			);
			path = XWFilterAnimator;
			sourceTree = "<group>";
		};
		8BED99151D24AB4F002B10B2 /* XWMagicMoveAnimator */ = {
			isa = PBXGroup;
			children = (
				8BED99161D24AB4F002B10B2 /* XWMagicMoveAnimator.h */,
				8BED99171D24AB4F002B10B2 /* XWMagicMoveAnimator.m */,
			);
			path = XWMagicMoveAnimator;
			sourceTree = "<group>";
		};
		8BED99181D24AB4F002B10B2 /* Models */ = {
			isa = PBXGroup;
			children = (
			);
			path = Models;
			sourceTree = "<group>";
		};
		8BED99191D24AB4F002B10B2 /* Others */ = {
			isa = PBXGroup;
			children = (
				8BED999C1D24ABFF002B10B2 /* XWAppDelegate.m */,
				8BED999D1D24ABFF002B10B2 /* XWAppDelegate.h */,
				8BED991A1D24AB4F002B10B2 /* XWConstantDefine.h */,
				8BED991B1D24AB4F002B10B2 /* XWConstantDefine.m */,
				8BE067231D26635300748B21 /* XWAppInfo.h */,
				8BE067241D26635300748B21 /* XWAppInfo.m */,
			);
			path = Others;
			sourceTree = "<group>";
		};
		8BED991C1D24AB4F002B10B2 /* Tools */ = {
			isa = PBXGroup;
			children = (
				8BED991D1D24AB4F002B10B2 /* XWDataTool.h */,
				8BED991E1D24AB4F002B10B2 /* XWNetTool.h */,
				8BED991F1D24AB4F002B10B2 /* XWNetTool.m */,
				8BA5752B1D250B6D00DBA26C /* XWCacheTool.h */,
				8BA5752C1D250B6D00DBA26C /* XWCacheTool.m */,
			);
			path = Tools;
			sourceTree = "<group>";
		};
		8BED99201D24AB4F002B10B2 /* ViewModels */ = {
			isa = PBXGroup;
			children = (
				8BED99211D24AB4F002B10B2 /* XWBaseViewModel.h */,
				8BED99221D24AB4F002B10B2 /* XWBaseViewModel.m */,
			);
			path = ViewModels;
			sourceTree = "<group>";
		};
		8BED99231D24AB4F002B10B2 /* Views */ = {
			isa = PBXGroup;
			children = (
				8BED99241D24AB4F002B10B2 /* XWSimpleTipView.h */,
				8BED99251D24AB4F002B10B2 /* XWSimpleTipView.m */,
			);
			path = Views;
			sourceTree = "<group>";
		};
		8BED99261D24AB4F002B10B2 /* Search */ = {
			isa = PBXGroup;
			children = (
				8BED99271D24AB4F002B10B2 /* Controllers */,
				8BED992A1D24AB4F002B10B2 /* Models */,
				8BED992B1D24AB4F002B10B2 /* Other */,
				8BED992D1D24AB4F002B10B2 /* Tool */,
				8BED99301D24AB4F002B10B2 /* ViewModels */,
				8BED99331D24AB4F002B10B2 /* Views */,
			);
			path = Search;
			sourceTree = "<group>";
		};
		8BED99271D24AB4F002B10B2 /* Controllers */ = {
			isa = PBXGroup;
			children = (
				8BED99281D24AB4F002B10B2 /* XWSearchController.h */,
				8BED99291D24AB4F002B10B2 /* XWSearchController.m */,
			);
			path = Controllers;
			sourceTree = "<group>";
		};
		8BED992A1D24AB4F002B10B2 /* Models */ = {
			isa = PBXGroup;
			children = (
			);
			path = Models;
			sourceTree = "<group>";
		};
		8BED992B1D24AB4F002B10B2 /* Other */ = {
			isa = PBXGroup;
			children = (
				8BED992C1D24AB4F002B10B2 /* XWSearchTypeDefine.h */,
			);
			path = Other;
			sourceTree = "<group>";
		};
		8BED992D1D24AB4F002B10B2 /* Tool */ = {
			isa = PBXGroup;
			children = (
				8BED992E1D24AB4F002B10B2 /* XWSearchNetTool.h */,
				8BED992F1D24AB4F002B10B2 /* XWSearchNetTool.m */,
			);
			path = Tool;
			sourceTree = "<group>";
		};
		8BED99301D24AB4F002B10B2 /* ViewModels */ = {
			isa = PBXGroup;
			children = (
				8BED99311D24AB4F002B10B2 /* XWSearchViewModel.h */,
				8BED99321D24AB4F002B10B2 /* XWSearchViewModel.m */,
			);
			path = ViewModels;
			sourceTree = "<group>";
		};
		8BED99331D24AB4F002B10B2 /* Views */ = {
			isa = PBXGroup;
			children = (
				8BED99341D24AB4F002B10B2 /* XWSearchView.h */,
				8BED99351D24AB4F002B10B2 /* XWSearchView.m */,
			);
			path = Views;
			sourceTree = "<group>";
		};
		8BED99361D24AB4F002B10B2 /* SearchResult */ = {
			isa = PBXGroup;
			children = (
				8BED99371D24AB4F002B10B2 /* Controllers */,
				8BED993A1D24AB4F002B10B2 /* Models */,
				8BED993D1D24AB4F002B10B2 /* ViewModels */,
				8BED99401D24AB4F002B10B2 /* Views */,
			);
			path = SearchResult;
			sourceTree = "<group>";
		};
		8BED99371D24AB4F002B10B2 /* Controllers */ = {
			isa = PBXGroup;
			children = (
				8BED999F1D24AC37002B10B2 /* XWSearchResultController.h */,
				8BED99391D24AB4F002B10B2 /* XWSearchResultController.m */,
			);
			path = Controllers;
			sourceTree = "<group>";
		};
		8BED993A1D24AB4F002B10B2 /* Models */ = {
			isa = PBXGroup;
			children = (
				8BED993B1D24AB4F002B10B2 /* XWSearchResultModel.h */,
				8BED993C1D24AB4F002B10B2 /* XWSearchResultModel.m */,
			);
			path = Models;
			sourceTree = "<group>";
		};
		8BED993D1D24AB4F002B10B2 /* ViewModels */ = {
			isa = PBXGroup;
			children = (
				8BED993E1D24AB4F002B10B2 /* XWSearchReslutViewModel.h */,
				8BED993F1D24AB4F002B10B2 /* XWSearchReslutViewModel.m */,
			);
			path = ViewModels;
			sourceTree = "<group>";
		};
		8BED99401D24AB4F002B10B2 /* Views */ = {
			isa = PBXGroup;
			children = (
				8BED99411D24AB4F002B10B2 /* XWSearchResultCell.h */,
				8BED99421D24AB4F002B10B2 /* XWSearchResultCell.m */,
				8BED99431D24AB4F002B10B2 /* XWSearchResultView.h */,
				8BED99441D24AB4F002B10B2 /* XWSearchResultView.m */,
			);
			path = Views;
			sourceTree = "<group>";
		};
/* End PBXGroup section */

/* Begin PBXNativeTarget section */
		8B30DBC91D1BC42D0018CB1A /* TryLrc */ = {
			isa = PBXNativeTarget;
			buildConfigurationList = 8B30DBE11D1BC42D0018CB1A /* Build configuration list for PBXNativeTarget "TryLrc" */;
			buildPhases = (
				610CCBC842FFA39057C9BF42 /* Check Pods Manifest.lock */,
				8B30DBC61D1BC42D0018CB1A /* Sources */,
				8B30DBC71D1BC42D0018CB1A /* Frameworks */,
				8B30DBC81D1BC42D0018CB1A /* Resources */,
				692FFFCAD99F3E1E336760A9 /* Embed Pods Frameworks */,
				272E1BB38F6175C6217E6F08 /* Copy Pods Resources */,
			);
			buildRules = (
			);
			dependencies = (
			);
			name = TryLrc;
			productName = TryLrc;
			productReference = 8B30DBCA1D1BC42D0018CB1A /* TryLrc.app */;
			productType = "com.apple.product-type.application";
		};
/* End PBXNativeTarget section */

/* Begin PBXProject section */
		8B30DBC21D1BC42D0018CB1A /* Project object */ = {
			isa = PBXProject;
			attributes = {
				CLASSPREFIX = XW;
				LastUpgradeCheck = 0720;
				ORGANIZATIONNAME = wazrx;
				TargetAttributes = {
					8B30DBC91D1BC42D0018CB1A = {
						CreatedOnToolsVersion = 7.2;
						DevelopmentTeam = 4TH838523D;
					};
				};
			};
			buildConfigurationList = 8B30DBC51D1BC42D0018CB1A /* Build configuration list for PBXProject "TryLrc" */;
			compatibilityVersion = "Xcode 3.2";
			developmentRegion = English;
			hasScannedForEncodings = 0;
			knownRegions = (
				en,
				Base,
			);
			mainGroup = 8B30DBC11D1BC42D0018CB1A;
			productRefGroup = 8B30DBCB1D1BC42D0018CB1A /* Products */;
			projectDirPath = "";
			projectRoot = "";
			targets = (
				8B30DBC91D1BC42D0018CB1A /* TryLrc */,
			);
		};
/* End PBXProject section */

/* Begin PBXResourcesBuildPhase section */
		8B30DBC81D1BC42D0018CB1A /* Resources */ = {
			isa = PBXResourcesBuildPhase;
			buildActionMask = 2147483647;
			files = (
				8B30DBDD1D1BC42D0018CB1A /* LaunchScreen.storyboard in Resources */,
				8BED99771D24AB4F002B10B2 /* restrictedshine.tiff in Resources */,
				8BED99761D24AB4F002B10B2 /* mask.jpg in Resources */,
				8B30DBDA1D1BC42D0018CB1A /* Assets.xcassets in Resources */,
				8B30DBD81D1BC42D0018CB1A /* Main.storyboard in Resources */,
				8BED99751D24AB4F002B10B2 /* line.png in Resources */,
			);
			runOnlyForDeploymentPostprocessing = 0;
		};
/* End PBXResourcesBuildPhase section */

/* Begin PBXShellScriptBuildPhase section */
		272E1BB38F6175C6217E6F08 /* Copy Pods Resources */ = {
			isa = PBXShellScriptBuildPhase;
			buildActionMask = 2147483647;
			files = (
			);
			inputPaths = (
			);
			name = "Copy Pods Resources";
			outputPaths = (
			);
			runOnlyForDeploymentPostprocessing = 0;
			shellPath = /bin/sh;
			shellScript = "\"${SRCROOT}/Pods/Target Support Files/Pods/Pods-resources.sh\"\n";
			showEnvVarsInLog = 0;
		};
		610CCBC842FFA39057C9BF42 /* Check Pods Manifest.lock */ = {
			isa = PBXShellScriptBuildPhase;
			buildActionMask = 2147483647;
			files = (
			);
			inputPaths = (
			);
			name = "Check Pods Manifest.lock";
			outputPaths = (
			);
			runOnlyForDeploymentPostprocessing = 0;
			shellPath = /bin/sh;
			shellScript = "diff \"${PODS_ROOT}/../Podfile.lock\" \"${PODS_ROOT}/Manifest.lock\" > /dev/null\nif [[ $? != 0 ]] ; then\n    cat << EOM\nerror: The sandbox is not in sync with the Podfile.lock. Run 'pod install' or update your CocoaPods installation.\nEOM\n    exit 1\nfi\n";
			showEnvVarsInLog = 0;
		};
		692FFFCAD99F3E1E336760A9 /* Embed Pods Frameworks */ = {
			isa = PBXShellScriptBuildPhase;
			buildActionMask = 2147483647;
			files = (
			);
			inputPaths = (
			);
			name = "Embed Pods Frameworks";
			outputPaths = (
			);
			runOnlyForDeploymentPostprocessing = 0;
			shellPath = /bin/sh;
			shellScript = "\"${SRCROOT}/Pods/Target Support Files/Pods/Pods-frameworks.sh\"\n";
			showEnvVarsInLog = 0;
		};
/* End PBXShellScriptBuildPhase section */

/* Begin PBXSourcesBuildPhase section */
		8B30DBC61D1BC42D0018CB1A /* Sources */ = {
			isa = PBXSourcesBuildPhase;
			buildActionMask = 2147483647;
			files = (
				8BED99451D24AB4F002B10B2 /* XWLrcController.m in Sources */,
				8BED994D1D24AB4F002B10B2 /* Foundation+Log.m in Sources */,
				8BED99661D24AB4F002B10B2 /* UILabel+XWAddForFrame.m in Sources */,
				8BED99711D24AB4F002B10B2 /* UINavigationController+XWTransition.m in Sources */,
				8BED99611D24AB4F002B10B2 /* UIDevice+XWAdd.m in Sources */,
				8B30DBCF1D1BC42D0018CB1A /* main.m in Sources */,
				8BED997B1D24AB4F002B10B2 /* XWCoolAnimator+XWLines.m in Sources */,
				8BED994F1D24AB4F002B10B2 /* NSData+XWAdd.m in Sources */,
				8BED99871D24AB4F002B10B2 /* XWFilterAnimator+XWMod.m in Sources */,
				8BED997D1D24AB4F002B10B2 /* XWCoolAnimator+XWPageFlip.m in Sources */,
				8BED99671D24AB4F002B10B2 /* UINavigationController+XWAdd.m in Sources */,
				8BA5752D1D250B6D00DBA26C /* XWCacheTool.m in Sources */,
				8BED99951D24AB4F002B10B2 /* XWSearchView.m in Sources */,
				8BED99591D24AB4F002B10B2 /* UIActivityIndicatorView+XWAdd.m in Sources */,
				8BED995B1D24AB4F002B10B2 /* UIApplication+XWAdd.m in Sources */,
				8BED99721D24AB4F002B10B2 /* UIViewController+XWTransition.m in Sources */,
				8BED99931D24AB4F002B10B2 /* XWSearchNetTool.m in Sources */,
				8BED99901D24AB4F002B10B2 /* XWBaseViewModel.m in Sources */,
				8BED99551D24AB4F002B10B2 /* NSNumber+XWAdd.m in Sources */,
				8BED99731D24AB4F002B10B2 /* XWInteractiveTransition.m in Sources */,
				8BED99681D24AB4F002B10B2 /* UIScreen+XWAdd.m in Sources */,
				8BED994E1D24AB4F002B10B2 /* NSArray+XWAdd.m in Sources */,
				8BED997F1D24AB4F002B10B2 /* XWCoolAnimator+XWScanning.m in Sources */,
				8BED99921D24AB4F002B10B2 /* XWSearchController.m in Sources */,
				8BED99801D24AB4F002B10B2 /* XWCoolAnimator.m in Sources */,
				8BED99821D24AB4F002B10B2 /* XWFilterAnimator+XWBarSwipe.m in Sources */,
				8BED99911D24AB4F002B10B2 /* XWSimpleTipView.m in Sources */,
				8B4DC3F31D2DF99F00198E2C /* XWLrcEditView.m in Sources */,
				8BED998B1D24AB4F002B10B2 /* XWFilterAnimator.m in Sources */,
				8BED99511D24AB4F002B10B2 /* NSDictionary+XWAdd.m in Sources */,
				8BED99741D24AB4F002B10B2 /* XWTransitionAnimator.m in Sources */,
				8BED99491D24AB4F002B10B2 /* XWLrcCell.m in Sources */,
				8BED99501D24AB4F002B10B2 /* NSDate+XWAdd.m in Sources */,
				8BED99461D24AB4F002B10B2 /* XWLrcModel.m in Sources */,
				8BED997A1D24AB4F002B10B2 /* XWCoolAnimator+XWFold.m in Sources */,
				8BED99541D24AB4F002B10B2 /* NSNotificationCenter+XWAdd.m in Sources */,
				8BED99631D24AB4F002B10B2 /* UIImage+XWAdd.m in Sources */,
				8BED999E1D24ABFF002B10B2 /* XWAppDelegate.m in Sources */,
				8BED99881D24AB4F002B10B2 /* XWFilterAnimator+XWPageCurl.m in Sources */,
				8BED99891D24AB4F002B10B2 /* XWFilterAnimator+XWRipple.m in Sources */,
				8BED99781D24AB4F002B10B2 /* XWCircleSpreadAnimator.m in Sources */,
				8BED99991D24AB4F002B10B2 /* XWSearchReslutViewModel.m in Sources */,
				8BED995A1D24AB4F002B10B2 /* UIAlertView+XWAdd.m in Sources */,
				8BED995F1D24AB4F002B10B2 /* UIColor+XWAdd.m in Sources */,
				8BED99481D24AB4F002B10B2 /* XWLrcViewModel.m in Sources */,
				8BED996C1D24AB4F002B10B2 /* UIView+XWAdd.m in Sources */,
				8BED99641D24AB4F002B10B2 /* UIImageView+XWAdd.m in Sources */,
				8BED996E1D24AB4F002B10B2 /* XWCGUtilities.m in Sources */,
				8BED99561D24AB4F002B10B2 /* NSObject+XWAdd.m in Sources */,
				8BED99971D24AB4F002B10B2 /* XWSearchResultController.m in Sources */,
				8BED99531D24AB4F002B10B2 /* NSMutableDictionary+XWAdd.m in Sources */,
				8BED996B1D24AB4F002B10B2 /* UITextField+XWAdd.m in Sources */,
				8BED998D1D24AB4F002B10B2 /* XWMagicMoveAnimator.m in Sources */,
				8BED99651D24AB4F002B10B2 /* UILabel+XWAdd.m in Sources */,
				8BED99601D24AB4F002B10B2 /* UIControl+XWAdd.m in Sources */,
				8BED995C1D24AB4F002B10B2 /* UIBarButtonItem+XWAdd.m in Sources */,
				8BE067251D26635300748B21 /* XWAppInfo.m in Sources */,
				8BED99791D24AB4F002B10B2 /* XWCoolAnimator+XWExplode.m in Sources */,
				8BED99861D24AB4F002B10B2 /* XWFilterAnimator+XWMask.m in Sources */,
				8BED999A1D24AB4F002B10B2 /* XWSearchResultCell.m in Sources */,
				8BED99571D24AB4F002B10B2 /* NSString+XWAdd.m in Sources */,
				8BED996A1D24AB4F002B10B2 /* UITableView+XWAdd.m in Sources */,
				8BED99691D24AB4F002B10B2 /* UIScrollView+XWAdd.m in Sources */,
				8BED994A1D24AB4F002B10B2 /* XWLrcView.m in Sources */,
				8BED99831D24AB4F002B10B2 /* XWFilterAnimator+XWBoxBlur.m in Sources */,
				8BED99941D24AB4F002B10B2 /* XWSearchViewModel.m in Sources */,
				8BED996D1D24AB4F002B10B2 /* UIView+XWAddForFrame.m in Sources */,
				8BED99621D24AB4F002B10B2 /* UIFont+XWAdd.m in Sources */,
				8BED998C1D24AB4F002B10B2 /* XWFilterTransitionView.m in Sources */,
				8BED995D1D24AB4F002B10B2 /* UIBezierPath+XWAdd.m in Sources */,
				8BED999B1D24AB4F002B10B2 /* XWSearchResultView.m in Sources */,
				8BED99851D24AB4F002B10B2 /* XWFilterAnimator+XWFlash.m in Sources */,
				8BED99701D24AB4F002B10B2 /* XWNavigationController.m in Sources */,
				8BED997C1D24AB4F002B10B2 /* XWCoolAnimator+XWMiddlePageFlip.m in Sources */,
				8BED994B1D24AB4F002B10B2 /* CALayer+XWAdd.m in Sources */,
				8BED99811D24AB4F002B10B2 /* XWDrawerAnimator.m in Sources */,
				8BED998A1D24AB4F002B10B2 /* XWFilterAnimator+XWSwipe.m in Sources */,
				8BED99841D24AB4F002B10B2 /* XWFilterAnimator+XWCopyMachine.m in Sources */,
				8BED995E1D24AB4F002B10B2 /* UICollectionViewFlowLayout+XWAdd.m in Sources */,
				8BED99471D24AB4F002B10B2 /* XWLrcTimeTool.m in Sources */,
				8BED994C1D24AB4F002B10B2 /* CALayer+XWAddForFrame.m in Sources */,
				8BED998F1D24AB4F002B10B2 /* XWNetTool.m in Sources */,
				8BED996F1D24AB4F002B10B2 /* YYLabel+XWAddForFrame.m in Sources */,
				8BED99521D24AB4F002B10B2 /* NSMutableArray+XWAdd.m in Sources */,
				8BED998E1D24AB4F002B10B2 /* XWConstantDefine.m in Sources */,
				8BED99581D24AB4F002B10B2 /* NSTimer+XWAdd.m in Sources */,
				8BED997E1D24AB4F002B10B2 /* XWCoolAnimator+XWPortal.m in Sources */,
				8BED99981D24AB4F002B10B2 /* XWSearchResultModel.m in Sources */,
			);
			runOnlyForDeploymentPostprocessing = 0;
		};
/* End PBXSourcesBuildPhase section */

/* Begin PBXVariantGroup section */
		8B30DBD61D1BC42D0018CB1A /* Main.storyboard */ = {
			isa = PBXVariantGroup;
			children = (
				8B30DBD71D1BC42D0018CB1A /* Base */,
			);
			name = Main.storyboard;
			sourceTree = "<group>";
		};
		8B30DBDB1D1BC42D0018CB1A /* LaunchScreen.storyboard */ = {
			isa = PBXVariantGroup;
			children = (
				8B30DBDC1D1BC42D0018CB1A /* Base */,
			);
			name = LaunchScreen.storyboard;
			sourceTree = "<group>";
		};
/* End PBXVariantGroup section */

/* Begin XCBuildConfiguration section */
		8B30DBDF1D1BC42D0018CB1A /* Debug */ = {
			isa = XCBuildConfiguration;
			buildSettings = {
				ALWAYS_SEARCH_USER_PATHS = NO;
				CLANG_CXX_LANGUAGE_STANDARD = "gnu++0x";
				CLANG_CXX_LIBRARY = "libc++";
				CLANG_ENABLE_MODULES = YES;
				CLANG_ENABLE_OBJC_ARC = YES;
				CLANG_WARN_BOOL_CONVERSION = YES;
				CLANG_WARN_CONSTANT_CONVERSION = YES;
				CLANG_WARN_DIRECT_OBJC_ISA_USAGE = YES_ERROR;
				CLANG_WARN_EMPTY_BODY = YES;
				CLANG_WARN_ENUM_CONVERSION = YES;
				CLANG_WARN_INT_CONVERSION = YES;
				CLANG_WARN_OBJC_ROOT_CLASS = YES_ERROR;
				CLANG_WARN_UNREACHABLE_CODE = YES;
				CLANG_WARN__DUPLICATE_METHOD_MATCH = YES;
				"CODE_SIGN_IDENTITY[sdk=iphoneos*]" = "iPhone Developer";
				COPY_PHASE_STRIP = NO;
				DEBUG_INFORMATION_FORMAT = dwarf;
				ENABLE_STRICT_OBJC_MSGSEND = YES;
				ENABLE_TESTABILITY = YES;
				GCC_C_LANGUAGE_STANDARD = gnu99;
				GCC_DYNAMIC_NO_PIC = NO;
				GCC_NO_COMMON_BLOCKS = YES;
				GCC_OPTIMIZATION_LEVEL = 0;
				GCC_PREPROCESSOR_DEFINITIONS = (
					"DEBUG=1",
					"$(inherited)",
				);
				GCC_WARN_64_TO_32_BIT_CONVERSION = YES;
				GCC_WARN_ABOUT_RETURN_TYPE = YES_ERROR;
				GCC_WARN_UNDECLARED_SELECTOR = YES;
				GCC_WARN_UNINITIALIZED_AUTOS = YES_AGGRESSIVE;
				GCC_WARN_UNUSED_FUNCTION = YES;
				GCC_WARN_UNUSED_VARIABLE = YES;
				IPHONEOS_DEPLOYMENT_TARGET = 9.2;
				MTL_ENABLE_DEBUG_INFO = YES;
				ONLY_ACTIVE_ARCH = YES;
				SDKROOT = iphoneos;
			};
			name = Debug;
		};
		8B30DBE01D1BC42D0018CB1A /* Release */ = {
			isa = XCBuildConfiguration;
			buildSettings = {
				ALWAYS_SEARCH_USER_PATHS = NO;
				CLANG_CXX_LANGUAGE_STANDARD = "gnu++0x";
				CLANG_CXX_LIBRARY = "libc++";
				CLANG_ENABLE_MODULES = YES;
				CLANG_ENABLE_OBJC_ARC = YES;
				CLANG_WARN_BOOL_CONVERSION = YES;
				CLANG_WARN_CONSTANT_CONVERSION = YES;
				CLANG_WARN_DIRECT_OBJC_ISA_USAGE = YES_ERROR;
				CLANG_WARN_EMPTY_BODY = YES;
				CLANG_WARN_ENUM_CONVERSION = YES;
				CLANG_WARN_INT_CONVERSION = YES;
				CLANG_WARN_OBJC_ROOT_CLASS = YES_ERROR;
				CLANG_WARN_UNREACHABLE_CODE = YES;
				CLANG_WARN__DUPLICATE_METHOD_MATCH = YES;
				"CODE_SIGN_IDENTITY[sdk=iphoneos*]" = "iPhone Developer";
				COPY_PHASE_STRIP = NO;
				DEBUG_INFORMATION_FORMAT = "dwarf-with-dsym";
				ENABLE_NS_ASSERTIONS = NO;
				ENABLE_STRICT_OBJC_MSGSEND = YES;
				GCC_C_LANGUAGE_STANDARD = gnu99;
				GCC_NO_COMMON_BLOCKS = YES;
				GCC_WARN_64_TO_32_BIT_CONVERSION = YES;
				GCC_WARN_ABOUT_RETURN_TYPE = YES_ERROR;
				GCC_WARN_UNDECLARED_SELECTOR = YES;
				GCC_WARN_UNINITIALIZED_AUTOS = YES_AGGRESSIVE;
				GCC_WARN_UNUSED_FUNCTION = YES;
				GCC_WARN_UNUSED_VARIABLE = YES;
				IPHONEOS_DEPLOYMENT_TARGET = 9.2;
				MTL_ENABLE_DEBUG_INFO = NO;
				SDKROOT = iphoneos;
				VALIDATE_PRODUCT = YES;
			};
			name = Release;
		};
		8B30DBE21D1BC42D0018CB1A /* Debug */ = {
			isa = XCBuildConfiguration;
			baseConfigurationReference = 9E55AE5126A3F3BDC45AE324 /* Pods.debug.xcconfig */;
			buildSettings = {
				ASSETCATALOG_COMPILER_APPICON_NAME = AppIcon;
				CODE_SIGN_IDENTITY = "iPhone Developer";
				INFOPLIST_FILE = TryLrc/Info.plist;
				IPHONEOS_DEPLOYMENT_TARGET = 8.0;
				LD_RUNPATH_SEARCH_PATHS = "$(inherited) @executable_path/Frameworks";
				PRODUCT_BUNDLE_IDENTIFIER = com.youloft.TryLrc;
				PRODUCT_NAME = "$(TARGET_NAME)";
			};
			name = Debug;
		};
		8B30DBE31D1BC42D0018CB1A /* Release */ = {
			isa = XCBuildConfiguration;
			baseConfigurationReference = EB892BA625C97A756B9C62A5 /* Pods.release.xcconfig */;
			buildSettings = {
				ASSETCATALOG_COMPILER_APPICON_NAME = AppIcon;
				CODE_SIGN_IDENTITY = "iPhone Developer";
				INFOPLIST_FILE = TryLrc/Info.plist;
				IPHONEOS_DEPLOYMENT_TARGET = 8.0;
				LD_RUNPATH_SEARCH_PATHS = "$(inherited) @executable_path/Frameworks";
				PRODUCT_BUNDLE_IDENTIFIER = com.youloft.TryLrc;
				PRODUCT_NAME = "$(TARGET_NAME)";
			};
			name = Release;
		};
/* End XCBuildConfiguration section */

/* Begin XCConfigurationList section */
		8B30DBC51D1BC42D0018CB1A /* Build configuration list for PBXProject "TryLrc" */ = {
			isa = XCConfigurationList;
			buildConfigurations = (
				8B30DBDF1D1BC42D0018CB1A /* Debug */,
				8B30DBE01D1BC42D0018CB1A /* Release */,
			);
			defaultConfigurationIsVisible = 0;
			defaultConfigurationName = Release;
		};
		8B30DBE11D1BC42D0018CB1A /* Build configuration list for PBXNativeTarget "TryLrc" */ = {
			isa = XCConfigurationList;
			buildConfigurations = (
				8B30DBE21D1BC42D0018CB1A /* Debug */,
				8B30DBE31D1BC42D0018CB1A /* Release */,
			);
			defaultConfigurationIsVisible = 0;
			defaultConfigurationName = Release;
		};
/* End XCConfigurationList section */
	};
	rootObject = 8B30DBC21D1BC42D0018CB1A /* Project object */;
}
